
Microsoft Visual Studio Solution File, Format Version 12.00
# Visual Studio 14
VisualStudioVersion = 14.0.25420.1
MinimumVisualStudioVersion = 10.0.40219.1
Project("{2150E333-8FDC-42A3-9474-1A3956D46DE8}") = "src", "src", "{D9B074F6-11FA-4E2F-95D1-14F05651F31E}"
EndProject
Project("{2150E333-8FDC-42A3-9474-1A3956D46DE8}") = "Solution Items", "Solution Items", "{ED88C625-7BAF-49D4-A9C7-39A30937CE0A}"
	ProjectSection(SolutionItems) = preProject
		global.json = global.json
	EndProjectSection
EndProject
Project("{8BB2217D-0F2D-49D1-97BC-3654ED321F3B}") = "WebApiPractice", "src\WebApiPractice\WebApiPractice.xproj", "{1006BB31-78F3-4905-874B-A86F98D4E738}"
EndProject
Global
	GlobalSection(SolutionConfigurationPlatforms) = preSolution
		Debug|Any CPU = Debug|Any CPU
		Release|Any CPU = Release|Any CPU
	EndGlobalSection
	GlobalSection(ProjectConfigurationPlatforms) = postSolution
		{1006BB31-78F3-4905-874B-A86F98D4E738}.Debug|Any CPU.ActiveCfg = Debug|Any CPU
		{1006BB31-78F3-4905-874B-A86F98D4E738}.Debug|Any CPU.Build.0 = Debug|Any CPU
		{1006BB31-78F3-4905-874B-A86F98D4E738}.Release|Any CPU.ActiveCfg = Release|Any CPU
		{1006BB31-78F3-4905-874B-A86F98D4E738}.Release|Any CPU.Build.0 = Release|Any CPU
	EndGlobalSection
	GlobalSection(SolutionProperties) = preSolution
		HideSolutionNode = FALSE
	EndGlobalSection
	GlobalSection(NestedProjects) = preSolution
		{1006BB31-78F3-4905-874B-A86F98D4E738} = {D9B074F6-11FA-4E2F-95D1-14F05651F31E}
	EndGlobalSection
EndGlobal
