
Microsoft Visual Studio Solution File, Format Version 12.00
# Visual Studio 14
VisualStudioVersion = 14.0.24720.0
MinimumVisualStudioVersion = 10.0.40219.1
Project("{FAE04EC0-301F-11D3-BF4B-00C04F79EFBC}") = "NetworkStudy", "NetworkStudy\NetworkStudy.csproj", "{AC1306F4-24E4-443C-B5AA-291CF6CB742D}"
EndProject
Global
	GlobalSection(SolutionConfigurationPlatforms) = preSolution
		Debug|Any CPU = Debug|Any CPU
		Release|Any CPU = Release|Any CPU
	EndGlobalSection
	GlobalSection(ProjectConfigurationPlatforms) = postSolution
		{AC1306F4-24E4-443C-B5AA-291CF6CB742D}.Debug|Any CPU.ActiveCfg = Debug|Any CPU
		{AC1306F4-24E4-443C-B5AA-291CF6CB742D}.Debug|Any CPU.Build.0 = Debug|Any CPU
		{AC1306F4-24E4-443C-B5AA-291CF6CB742D}.Release|Any CPU.ActiveCfg = Release|Any CPU
		{AC1306F4-24E4-443C-B5AA-291CF6CB742D}.Release|Any CPU.Build.0 = Release|Any CPU
	EndGlobalSection
	GlobalSection(SolutionProperties) = preSolution
		HideSolutionNode = FALSE
	EndGlobalSection
EndGlobal
