
Microsoft Visual Studio Solution File, Format Version 12.00
# Visual Studio 14
VisualStudioVersion = 14.0.25420.1
MinimumVisualStudioVersion = 10.0.40219.1
Project("{FAE04EC0-301F-11D3-BF4B-00C04F79EFBC}") = "PracticeLayouts.Droid", "PracticeLayouts\PracticeLayouts.Droid\PracticeLayouts.Droid.csproj", "{DB36B05F-0D61-4E0E-BA60-5901D1B1747E}"
EndProject
Project("{FAE04EC0-301F-11D3-BF4B-00C04F79EFBC}") = "PracticeLayouts.iOS", "PracticeLayouts\PracticeLayouts.iOS\PracticeLayouts.iOS.csproj", "{97133978-D84D-4060-9E57-CCE03D0A7908}"
EndProject
Project("{FAE04EC0-301F-11D3-BF4B-00C04F79EFBC}") = "PracticeLayouts.WinPhone", "PracticeLayouts\PracticeLayouts.WinPhone\PracticeLayouts.WinPhone.csproj", "{BF2B97D0-D2DA-4B03-8D4D-48CD6B9F91E7}"
EndProject
Project("{FAE04EC0-301F-11D3-BF4B-00C04F79EFBC}") = "PracticeLayouts.UWP", "PracticeLayouts\PracticeLayouts.UWP\PracticeLayouts.UWP.csproj", "{8DECCA6E-3DC8-4A11-8831-72548EE591A7}"
EndProject
Project("{FAE04EC0-301F-11D3-BF4B-00C04F79EFBC}") = "PracticeLayouts.Windows", "PracticeLayouts\PracticeLayouts.Windows\PracticeLayouts.Windows.csproj", "{9EFA4BAB-37CE-42D1-AD89-52387EF88FAB}"
EndProject
Project("{FAE04EC0-301F-11D3-BF4B-00C04F79EFBC}") = "PracticeLayouts", "PracticeLayouts\PracticeLayouts\PracticeLayouts.csproj", "{F913A625-247E-49B4-8474-1801C07F1D20}"
EndProject
Global
	GlobalSection(SolutionConfigurationPlatforms) = preSolution
		Ad-Hoc|Any CPU = Ad-Hoc|Any CPU
		Ad-Hoc|ARM = Ad-Hoc|ARM
		Ad-Hoc|iPhone = Ad-Hoc|iPhone
		Ad-Hoc|iPhoneSimulator = Ad-Hoc|iPhoneSimulator
		Ad-Hoc|x64 = Ad-Hoc|x64
		Ad-Hoc|x86 = Ad-Hoc|x86
		AppStore|Any CPU = AppStore|Any CPU
		AppStore|ARM = AppStore|ARM
		AppStore|iPhone = AppStore|iPhone
		AppStore|iPhoneSimulator = AppStore|iPhoneSimulator
		AppStore|x64 = AppStore|x64
		AppStore|x86 = AppStore|x86
		Debug|Any CPU = Debug|Any CPU
		Debug|ARM = Debug|ARM
		Debug|iPhone = Debug|iPhone
		Debug|iPhoneSimulator = Debug|iPhoneSimulator
		Debug|x64 = Debug|x64
		Debug|x86 = Debug|x86
		Release|Any CPU = Release|Any CPU
		Release|ARM = Release|ARM
		Release|iPhone = Release|iPhone
		Release|iPhoneSimulator = Release|iPhoneSimulator
		Release|x64 = Release|x64
		Release|x86 = Release|x86
	EndGlobalSection
	GlobalSection(ProjectConfigurationPlatforms) = postSolution
		{DB36B05F-0D61-4E0E-BA60-5901D1B1747E}.Ad-Hoc|Any CPU.ActiveCfg = Release|Any CPU
		{DB36B05F-0D61-4E0E-BA60-5901D1B1747E}.Ad-Hoc|Any CPU.Build.0 = Release|Any CPU
		{DB36B05F-0D61-4E0E-BA60-5901D1B1747E}.Ad-Hoc|Any CPU.Deploy.0 = Release|Any CPU
		{DB36B05F-0D61-4E0E-BA60-5901D1B1747E}.Ad-Hoc|ARM.ActiveCfg = Release|Any CPU
		{DB36B05F-0D61-4E0E-BA60-5901D1B1747E}.Ad-Hoc|ARM.Build.0 = Release|Any CPU
		{DB36B05F-0D61-4E0E-BA60-5901D1B1747E}.Ad-Hoc|ARM.Deploy.0 = Release|Any CPU
		{DB36B05F-0D61-4E0E-BA60-5901D1B1747E}.Ad-Hoc|iPhone.ActiveCfg = Release|Any CPU
		{DB36B05F-0D61-4E0E-BA60-5901D1B1747E}.Ad-Hoc|iPhone.Build.0 = Release|Any CPU
		{DB36B05F-0D61-4E0E-BA60-5901D1B1747E}.Ad-Hoc|iPhone.Deploy.0 = Release|Any CPU
		{DB36B05F-0D61-4E0E-BA60-5901D1B1747E}.Ad-Hoc|iPhoneSimulator.ActiveCfg = Release|Any CPU
		{DB36B05F-0D61-4E0E-BA60-5901D1B1747E}.Ad-Hoc|iPhoneSimulator.Build.0 = Release|Any CPU
		{DB36B05F-0D61-4E0E-BA60-5901D1B1747E}.Ad-Hoc|iPhoneSimulator.Deploy.0 = Release|Any CPU
		{DB36B05F-0D61-4E0E-BA60-5901D1B1747E}.Ad-Hoc|x64.ActiveCfg = Release|Any CPU
		{DB36B05F-0D61-4E0E-BA60-5901D1B1747E}.Ad-Hoc|x64.Build.0 = Release|Any CPU
		{DB36B05F-0D61-4E0E-BA60-5901D1B1747E}.Ad-Hoc|x64.Deploy.0 = Release|Any CPU
		{DB36B05F-0D61-4E0E-BA60-5901D1B1747E}.Ad-Hoc|x86.ActiveCfg = Release|Any CPU
		{DB36B05F-0D61-4E0E-BA60-5901D1B1747E}.Ad-Hoc|x86.Build.0 = Release|Any CPU
		{DB36B05F-0D61-4E0E-BA60-5901D1B1747E}.Ad-Hoc|x86.Deploy.0 = Release|Any CPU
		{DB36B05F-0D61-4E0E-BA60-5901D1B1747E}.AppStore|Any CPU.ActiveCfg = Release|Any CPU
		{DB36B05F-0D61-4E0E-BA60-5901D1B1747E}.AppStore|Any CPU.Build.0 = Release|Any CPU
		{DB36B05F-0D61-4E0E-BA60-5901D1B1747E}.AppStore|Any CPU.Deploy.0 = Release|Any CPU
		{DB36B05F-0D61-4E0E-BA60-5901D1B1747E}.AppStore|ARM.ActiveCfg = Release|Any CPU
		{DB36B05F-0D61-4E0E-BA60-5901D1B1747E}.AppStore|ARM.Build.0 = Release|Any CPU
		{DB36B05F-0D61-4E0E-BA60-5901D1B1747E}.AppStore|ARM.Deploy.0 = Release|Any CPU
		{DB36B05F-0D61-4E0E-BA60-5901D1B1747E}.AppStore|iPhone.ActiveCfg = Release|Any CPU
		{DB36B05F-0D61-4E0E-BA60-5901D1B1747E}.AppStore|iPhone.Build.0 = Release|Any CPU
		{DB36B05F-0D61-4E0E-BA60-5901D1B1747E}.AppStore|iPhone.Deploy.0 = Release|Any CPU
		{DB36B05F-0D61-4E0E-BA60-5901D1B1747E}.AppStore|iPhoneSimulator.ActiveCfg = Release|Any CPU
		{DB36B05F-0D61-4E0E-BA60-5901D1B1747E}.AppStore|iPhoneSimulator.Build.0 = Release|Any CPU
		{DB36B05F-0D61-4E0E-BA60-5901D1B1747E}.AppStore|iPhoneSimulator.Deploy.0 = Release|Any CPU
		{DB36B05F-0D61-4E0E-BA60-5901D1B1747E}.AppStore|x64.ActiveCfg = Release|Any CPU
		{DB36B05F-0D61-4E0E-BA60-5901D1B1747E}.AppStore|x64.Build.0 = Release|Any CPU
		{DB36B05F-0D61-4E0E-BA60-5901D1B1747E}.AppStore|x64.Deploy.0 = Release|Any CPU
		{DB36B05F-0D61-4E0E-BA60-5901D1B1747E}.AppStore|x86.ActiveCfg = Release|Any CPU
		{DB36B05F-0D61-4E0E-BA60-5901D1B1747E}.AppStore|x86.Build.0 = Release|Any CPU
		{DB36B05F-0D61-4E0E-BA60-5901D1B1747E}.AppStore|x86.Deploy.0 = Release|Any CPU
		{DB36B05F-0D61-4E0E-BA60-5901D1B1747E}.Debug|Any CPU.ActiveCfg = Debug|Any CPU
		{DB36B05F-0D61-4E0E-BA60-5901D1B1747E}.Debug|Any CPU.Build.0 = Debug|Any CPU
		{DB36B05F-0D61-4E0E-BA60-5901D1B1747E}.Debug|Any CPU.Deploy.0 = Debug|Any CPU
		{DB36B05F-0D61-4E0E-BA60-5901D1B1747E}.Debug|ARM.ActiveCfg = Debug|Any CPU
		{DB36B05F-0D61-4E0E-BA60-5901D1B1747E}.Debug|ARM.Build.0 = Debug|Any CPU
		{DB36B05F-0D61-4E0E-BA60-5901D1B1747E}.Debug|ARM.Deploy.0 = Debug|Any CPU
		{DB36B05F-0D61-4E0E-BA60-5901D1B1747E}.Debug|iPhone.ActiveCfg = Debug|Any CPU
		{DB36B05F-0D61-4E0E-BA60-5901D1B1747E}.Debug|iPhone.Build.0 = Debug|Any CPU
		{DB36B05F-0D61-4E0E-BA60-5901D1B1747E}.Debug|iPhone.Deploy.0 = Debug|Any CPU
		{DB36B05F-0D61-4E0E-BA60-5901D1B1747E}.Debug|iPhoneSimulator.ActiveCfg = Debug|Any CPU
		{DB36B05F-0D61-4E0E-BA60-5901D1B1747E}.Debug|iPhoneSimulator.Build.0 = Debug|Any CPU
		{DB36B05F-0D61-4E0E-BA60-5901D1B1747E}.Debug|iPhoneSimulator.Deploy.0 = Debug|Any CPU
		{DB36B05F-0D61-4E0E-BA60-5901D1B1747E}.Debug|x64.ActiveCfg = Debug|Any CPU
		{DB36B05F-0D61-4E0E-BA60-5901D1B1747E}.Debug|x64.Build.0 = Debug|Any CPU
		{DB36B05F-0D61-4E0E-BA60-5901D1B1747E}.Debug|x64.Deploy.0 = Debug|Any CPU
		{DB36B05F-0D61-4E0E-BA60-5901D1B1747E}.Debug|x86.ActiveCfg = Debug|Any CPU
		{DB36B05F-0D61-4E0E-BA60-5901D1B1747E}.Debug|x86.Build.0 = Debug|Any CPU
		{DB36B05F-0D61-4E0E-BA60-5901D1B1747E}.Debug|x86.Deploy.0 = Debug|Any CPU
		{DB36B05F-0D61-4E0E-BA60-5901D1B1747E}.Release|Any CPU.ActiveCfg = Release|Any CPU
		{DB36B05F-0D61-4E0E-BA60-5901D1B1747E}.Release|Any CPU.Build.0 = Release|Any CPU
		{DB36B05F-0D61-4E0E-BA60-5901D1B1747E}.Release|Any CPU.Deploy.0 = Release|Any CPU
		{DB36B05F-0D61-4E0E-BA60-5901D1B1747E}.Release|ARM.ActiveCfg = Release|Any CPU
		{DB36B05F-0D61-4E0E-BA60-5901D1B1747E}.Release|ARM.Build.0 = Release|Any CPU
		{DB36B05F-0D61-4E0E-BA60-5901D1B1747E}.Release|ARM.Deploy.0 = Release|Any CPU
		{DB36B05F-0D61-4E0E-BA60-5901D1B1747E}.Release|iPhone.ActiveCfg = Release|Any CPU
		{DB36B05F-0D61-4E0E-BA60-5901D1B1747E}.Release|iPhone.Build.0 = Release|Any CPU
		{DB36B05F-0D61-4E0E-BA60-5901D1B1747E}.Release|iPhone.Deploy.0 = Release|Any CPU
		{DB36B05F-0D61-4E0E-BA60-5901D1B1747E}.Release|iPhoneSimulator.ActiveCfg = Release|Any CPU
		{DB36B05F-0D61-4E0E-BA60-5901D1B1747E}.Release|iPhoneSimulator.Build.0 = Release|Any CPU
		{DB36B05F-0D61-4E0E-BA60-5901D1B1747E}.Release|iPhoneSimulator.Deploy.0 = Release|Any CPU
		{DB36B05F-0D61-4E0E-BA60-5901D1B1747E}.Release|x64.ActiveCfg = Release|Any CPU
		{DB36B05F-0D61-4E0E-BA60-5901D1B1747E}.Release|x64.Build.0 = Release|Any CPU
		{DB36B05F-0D61-4E0E-BA60-5901D1B1747E}.Release|x64.Deploy.0 = Release|Any CPU
		{DB36B05F-0D61-4E0E-BA60-5901D1B1747E}.Release|x86.ActiveCfg = Release|Any CPU
		{DB36B05F-0D61-4E0E-BA60-5901D1B1747E}.Release|x86.Build.0 = Release|Any CPU
		{DB36B05F-0D61-4E0E-BA60-5901D1B1747E}.Release|x86.Deploy.0 = Release|Any CPU
		{97133978-D84D-4060-9E57-CCE03D0A7908}.Ad-Hoc|Any CPU.ActiveCfg = Ad-Hoc|iPhone
		{97133978-D84D-4060-9E57-CCE03D0A7908}.Ad-Hoc|ARM.ActiveCfg = Ad-Hoc|iPhone
		{97133978-D84D-4060-9E57-CCE03D0A7908}.Ad-Hoc|iPhone.ActiveCfg = Ad-Hoc|iPhone
		{97133978-D84D-4060-9E57-CCE03D0A7908}.Ad-Hoc|iPhone.Build.0 = Ad-Hoc|iPhone
		{97133978-D84D-4060-9E57-CCE03D0A7908}.Ad-Hoc|iPhoneSimulator.ActiveCfg = Ad-Hoc|iPhoneSimulator
		{97133978-D84D-4060-9E57-CCE03D0A7908}.Ad-Hoc|iPhoneSimulator.Build.0 = Ad-Hoc|iPhoneSimulator
		{97133978-D84D-4060-9E57-CCE03D0A7908}.Ad-Hoc|x64.ActiveCfg = Ad-Hoc|iPhone
		{97133978-D84D-4060-9E57-CCE03D0A7908}.Ad-Hoc|x86.ActiveCfg = Ad-Hoc|iPhone
		{97133978-D84D-4060-9E57-CCE03D0A7908}.AppStore|Any CPU.ActiveCfg = AppStore|iPhone
		{97133978-D84D-4060-9E57-CCE03D0A7908}.AppStore|ARM.ActiveCfg = AppStore|iPhone
		{97133978-D84D-4060-9E57-CCE03D0A7908}.AppStore|iPhone.ActiveCfg = AppStore|iPhone
		{97133978-D84D-4060-9E57-CCE03D0A7908}.AppStore|iPhone.Build.0 = AppStore|iPhone
		{97133978-D84D-4060-9E57-CCE03D0A7908}.AppStore|iPhoneSimulator.ActiveCfg = AppStore|iPhoneSimulator
		{97133978-D84D-4060-9E57-CCE03D0A7908}.AppStore|iPhoneSimulator.Build.0 = AppStore|iPhoneSimulator
		{97133978-D84D-4060-9E57-CCE03D0A7908}.AppStore|x64.ActiveCfg = AppStore|iPhone
		{97133978-D84D-4060-9E57-CCE03D0A7908}.AppStore|x86.ActiveCfg = AppStore|iPhone
		{97133978-D84D-4060-9E57-CCE03D0A7908}.Debug|Any CPU.ActiveCfg = Debug|iPhone
		{97133978-D84D-4060-9E57-CCE03D0A7908}.Debug|ARM.ActiveCfg = Debug|iPhone
		{97133978-D84D-4060-9E57-CCE03D0A7908}.Debug|iPhone.ActiveCfg = Debug|iPhone
		{97133978-D84D-4060-9E57-CCE03D0A7908}.Debug|iPhone.Build.0 = Debug|iPhone
		{97133978-D84D-4060-9E57-CCE03D0A7908}.Debug|iPhoneSimulator.ActiveCfg = Debug|iPhoneSimulator
		{97133978-D84D-4060-9E57-CCE03D0A7908}.Debug|iPhoneSimulator.Build.0 = Debug|iPhoneSimulator
		{97133978-D84D-4060-9E57-CCE03D0A7908}.Debug|x64.ActiveCfg = Debug|iPhone
		{97133978-D84D-4060-9E57-CCE03D0A7908}.Debug|x86.ActiveCfg = Debug|iPhone
		{97133978-D84D-4060-9E57-CCE03D0A7908}.Release|Any CPU.ActiveCfg = Release|iPhone
		{97133978-D84D-4060-9E57-CCE03D0A7908}.Release|ARM.ActiveCfg = Release|iPhone
		{97133978-D84D-4060-9E57-CCE03D0A7908}.Release|iPhone.ActiveCfg = Release|iPhone
		{97133978-D84D-4060-9E57-CCE03D0A7908}.Release|iPhone.Build.0 = Release|iPhone
		{97133978-D84D-4060-9E57-CCE03D0A7908}.Release|iPhoneSimulator.ActiveCfg = Release|iPhoneSimulator
		{97133978-D84D-4060-9E57-CCE03D0A7908}.Release|iPhoneSimulator.Build.0 = Release|iPhoneSimulator
		{97133978-D84D-4060-9E57-CCE03D0A7908}.Release|x64.ActiveCfg = Release|iPhone
		{97133978-D84D-4060-9E57-CCE03D0A7908}.Release|x86.ActiveCfg = Release|iPhone
		{BF2B97D0-D2DA-4B03-8D4D-48CD6B9F91E7}.Ad-Hoc|Any CPU.ActiveCfg = Release|Any CPU
		{BF2B97D0-D2DA-4B03-8D4D-48CD6B9F91E7}.Ad-Hoc|Any CPU.Build.0 = Release|Any CPU
		{BF2B97D0-D2DA-4B03-8D4D-48CD6B9F91E7}.Ad-Hoc|Any CPU.Deploy.0 = Release|Any CPU
		{BF2B97D0-D2DA-4B03-8D4D-48CD6B9F91E7}.Ad-Hoc|ARM.ActiveCfg = Release|ARM
		{BF2B97D0-D2DA-4B03-8D4D-48CD6B9F91E7}.Ad-Hoc|ARM.Build.0 = Release|ARM
		{BF2B97D0-D2DA-4B03-8D4D-48CD6B9F91E7}.Ad-Hoc|ARM.Deploy.0 = Release|ARM
		{BF2B97D0-D2DA-4B03-8D4D-48CD6B9F91E7}.Ad-Hoc|iPhone.ActiveCfg = Release|Any CPU
		{BF2B97D0-D2DA-4B03-8D4D-48CD6B9F91E7}.Ad-Hoc|iPhone.Build.0 = Release|Any CPU
		{BF2B97D0-D2DA-4B03-8D4D-48CD6B9F91E7}.Ad-Hoc|iPhone.Deploy.0 = Release|Any CPU
		{BF2B97D0-D2DA-4B03-8D4D-48CD6B9F91E7}.Ad-Hoc|iPhoneSimulator.ActiveCfg = Release|Any CPU
		{BF2B97D0-D2DA-4B03-8D4D-48CD6B9F91E7}.Ad-Hoc|iPhoneSimulator.Build.0 = Release|Any CPU
		{BF2B97D0-D2DA-4B03-8D4D-48CD6B9F91E7}.Ad-Hoc|iPhoneSimulator.Deploy.0 = Release|Any CPU
		{BF2B97D0-D2DA-4B03-8D4D-48CD6B9F91E7}.Ad-Hoc|x64.ActiveCfg = Release|Any CPU
		{BF2B97D0-D2DA-4B03-8D4D-48CD6B9F91E7}.Ad-Hoc|x64.Build.0 = Release|Any CPU
		{BF2B97D0-D2DA-4B03-8D4D-48CD6B9F91E7}.Ad-Hoc|x64.Deploy.0 = Release|Any CPU
		{BF2B97D0-D2DA-4B03-8D4D-48CD6B9F91E7}.Ad-Hoc|x86.ActiveCfg = Release|x86
		{BF2B97D0-D2DA-4B03-8D4D-48CD6B9F91E7}.Ad-Hoc|x86.Build.0 = Release|x86
		{BF2B97D0-D2DA-4B03-8D4D-48CD6B9F91E7}.Ad-Hoc|x86.Deploy.0 = Release|x86
		{BF2B97D0-D2DA-4B03-8D4D-48CD6B9F91E7}.AppStore|Any CPU.ActiveCfg = Release|Any CPU
		{BF2B97D0-D2DA-4B03-8D4D-48CD6B9F91E7}.AppStore|Any CPU.Build.0 = Release|Any CPU
		{BF2B97D0-D2DA-4B03-8D4D-48CD6B9F91E7}.AppStore|Any CPU.Deploy.0 = Release|Any CPU
		{BF2B97D0-D2DA-4B03-8D4D-48CD6B9F91E7}.AppStore|ARM.ActiveCfg = Release|ARM
		{BF2B97D0-D2DA-4B03-8D4D-48CD6B9F91E7}.AppStore|ARM.Build.0 = Release|ARM
		{BF2B97D0-D2DA-4B03-8D4D-48CD6B9F91E7}.AppStore|ARM.Deploy.0 = Release|ARM
		{BF2B97D0-D2DA-4B03-8D4D-48CD6B9F91E7}.AppStore|iPhone.ActiveCfg = Release|Any CPU
		{BF2B97D0-D2DA-4B03-8D4D-48CD6B9F91E7}.AppStore|iPhone.Build.0 = Release|Any CPU
		{BF2B97D0-D2DA-4B03-8D4D-48CD6B9F91E7}.AppStore|iPhone.Deploy.0 = Release|Any CPU
		{BF2B97D0-D2DA-4B03-8D4D-48CD6B9F91E7}.AppStore|iPhoneSimulator.ActiveCfg = Release|Any CPU
		{BF2B97D0-D2DA-4B03-8D4D-48CD6B9F91E7}.AppStore|iPhoneSimulator.Build.0 = Release|Any CPU
		{BF2B97D0-D2DA-4B03-8D4D-48CD6B9F91E7}.AppStore|iPhoneSimulator.Deploy.0 = Release|Any CPU
		{BF2B97D0-D2DA-4B03-8D4D-48CD6B9F91E7}.AppStore|x64.ActiveCfg = Release|Any CPU
		{BF2B97D0-D2DA-4B03-8D4D-48CD6B9F91E7}.AppStore|x64.Build.0 = Release|Any CPU
		{BF2B97D0-D2DA-4B03-8D4D-48CD6B9F91E7}.AppStore|x64.Deploy.0 = Release|Any CPU
		{BF2B97D0-D2DA-4B03-8D4D-48CD6B9F91E7}.AppStore|x86.ActiveCfg = Release|x86
		{BF2B97D0-D2DA-4B03-8D4D-48CD6B9F91E7}.AppStore|x86.Build.0 = Release|x86
		{BF2B97D0-D2DA-4B03-8D4D-48CD6B9F91E7}.AppStore|x86.Deploy.0 = Release|x86
		{BF2B97D0-D2DA-4B03-8D4D-48CD6B9F91E7}.Debug|Any CPU.ActiveCfg = Debug|Any CPU
		{BF2B97D0-D2DA-4B03-8D4D-48CD6B9F91E7}.Debug|Any CPU.Build.0 = Debug|Any CPU
		{BF2B97D0-D2DA-4B03-8D4D-48CD6B9F91E7}.Debug|Any CPU.Deploy.0 = Debug|Any CPU
		{BF2B97D0-D2DA-4B03-8D4D-48CD6B9F91E7}.Debug|ARM.ActiveCfg = Debug|ARM
		{BF2B97D0-D2DA-4B03-8D4D-48CD6B9F91E7}.Debug|ARM.Build.0 = Debug|ARM
		{BF2B97D0-D2DA-4B03-8D4D-48CD6B9F91E7}.Debug|ARM.Deploy.0 = Debug|ARM
		{BF2B97D0-D2DA-4B03-8D4D-48CD6B9F91E7}.Debug|iPhone.ActiveCfg = Debug|Any CPU
		{BF2B97D0-D2DA-4B03-8D4D-48CD6B9F91E7}.Debug|iPhone.Build.0 = Debug|Any CPU
		{BF2B97D0-D2DA-4B03-8D4D-48CD6B9F91E7}.Debug|iPhone.Deploy.0 = Debug|Any CPU
		{BF2B97D0-D2DA-4B03-8D4D-48CD6B9F91E7}.Debug|iPhoneSimulator.ActiveCfg = Debug|Any CPU
		{BF2B97D0-D2DA-4B03-8D4D-48CD6B9F91E7}.Debug|iPhoneSimulator.Build.0 = Debug|Any CPU
		{BF2B97D0-D2DA-4B03-8D4D-48CD6B9F91E7}.Debug|iPhoneSimulator.Deploy.0 = Debug|Any CPU
		{BF2B97D0-D2DA-4B03-8D4D-48CD6B9F91E7}.Debug|x64.ActiveCfg = Debug|Any CPU
		{BF2B97D0-D2DA-4B03-8D4D-48CD6B9F91E7}.Debug|x64.Build.0 = Debug|Any CPU
		{BF2B97D0-D2DA-4B03-8D4D-48CD6B9F91E7}.Debug|x64.Deploy.0 = Debug|Any CPU
		{BF2B97D0-D2DA-4B03-8D4D-48CD6B9F91E7}.Debug|x86.ActiveCfg = Debug|x86
		{BF2B97D0-D2DA-4B03-8D4D-48CD6B9F91E7}.Debug|x86.Build.0 = Debug|x86
		{BF2B97D0-D2DA-4B03-8D4D-48CD6B9F91E7}.Debug|x86.Deploy.0 = Debug|x86
		{BF2B97D0-D2DA-4B03-8D4D-48CD6B9F91E7}.Release|Any CPU.ActiveCfg = Release|Any CPU
		{BF2B97D0-D2DA-4B03-8D4D-48CD6B9F91E7}.Release|Any CPU.Build.0 = Release|Any CPU
		{BF2B97D0-D2DA-4B03-8D4D-48CD6B9F91E7}.Release|Any CPU.Deploy.0 = Release|Any CPU
		{BF2B97D0-D2DA-4B03-8D4D-48CD6B9F91E7}.Release|ARM.ActiveCfg = Release|ARM
		{BF2B97D0-D2DA-4B03-8D4D-48CD6B9F91E7}.Release|ARM.Build.0 = Release|ARM
		{BF2B97D0-D2DA-4B03-8D4D-48CD6B9F91E7}.Release|ARM.Deploy.0 = Release|ARM
		{BF2B97D0-D2DA-4B03-8D4D-48CD6B9F91E7}.Release|iPhone.ActiveCfg = Release|Any CPU
		{BF2B97D0-D2DA-4B03-8D4D-48CD6B9F91E7}.Release|iPhone.Build.0 = Release|Any CPU
		{BF2B97D0-D2DA-4B03-8D4D-48CD6B9F91E7}.Release|iPhone.Deploy.0 = Release|Any CPU
		{BF2B97D0-D2DA-4B03-8D4D-48CD6B9F91E7}.Release|iPhoneSimulator.ActiveCfg = Release|Any CPU
		{BF2B97D0-D2DA-4B03-8D4D-48CD6B9F91E7}.Release|iPhoneSimulator.Build.0 = Release|Any CPU
		{BF2B97D0-D2DA-4B03-8D4D-48CD6B9F91E7}.Release|iPhoneSimulator.Deploy.0 = Release|Any CPU
		{BF2B97D0-D2DA-4B03-8D4D-48CD6B9F91E7}.Release|x64.ActiveCfg = Release|Any CPU
		{BF2B97D0-D2DA-4B03-8D4D-48CD6B9F91E7}.Release|x64.Build.0 = Release|Any CPU
		{BF2B97D0-D2DA-4B03-8D4D-48CD6B9F91E7}.Release|x64.Deploy.0 = Release|Any CPU
		{BF2B97D0-D2DA-4B03-8D4D-48CD6B9F91E7}.Release|x86.ActiveCfg = Release|x86
		{BF2B97D0-D2DA-4B03-8D4D-48CD6B9F91E7}.Release|x86.Build.0 = Release|x86
		{BF2B97D0-D2DA-4B03-8D4D-48CD6B9F91E7}.Release|x86.Deploy.0 = Release|x86
		{8DECCA6E-3DC8-4A11-8831-72548EE591A7}.Ad-Hoc|Any CPU.ActiveCfg = Release|x86
		{8DECCA6E-3DC8-4A11-8831-72548EE591A7}.Ad-Hoc|Any CPU.Build.0 = Release|x86
		{8DECCA6E-3DC8-4A11-8831-72548EE591A7}.Ad-Hoc|Any CPU.Deploy.0 = Release|x86
		{8DECCA6E-3DC8-4A11-8831-72548EE591A7}.Ad-Hoc|ARM.ActiveCfg = Release|ARM
		{8DECCA6E-3DC8-4A11-8831-72548EE591A7}.Ad-Hoc|ARM.Build.0 = Release|ARM
		{8DECCA6E-3DC8-4A11-8831-72548EE591A7}.Ad-Hoc|ARM.Deploy.0 = Release|ARM
		{8DECCA6E-3DC8-4A11-8831-72548EE591A7}.Ad-Hoc|iPhone.ActiveCfg = Release|x86
		{8DECCA6E-3DC8-4A11-8831-72548EE591A7}.Ad-Hoc|iPhone.Build.0 = Release|x86
		{8DECCA6E-3DC8-4A11-8831-72548EE591A7}.Ad-Hoc|iPhone.Deploy.0 = Release|x86
		{8DECCA6E-3DC8-4A11-8831-72548EE591A7}.Ad-Hoc|iPhoneSimulator.ActiveCfg = Release|x86
		{8DECCA6E-3DC8-4A11-8831-72548EE591A7}.Ad-Hoc|iPhoneSimulator.Build.0 = Release|x86
		{8DECCA6E-3DC8-4A11-8831-72548EE591A7}.Ad-Hoc|iPhoneSimulator.Deploy.0 = Release|x86
		{8DECCA6E-3DC8-4A11-8831-72548EE591A7}.Ad-Hoc|x64.ActiveCfg = Release|x64
		{8DECCA6E-3DC8-4A11-8831-72548EE591A7}.Ad-Hoc|x64.Build.0 = Release|x64
		{8DECCA6E-3DC8-4A11-8831-72548EE591A7}.Ad-Hoc|x64.Deploy.0 = Release|x64
		{8DECCA6E-3DC8-4A11-8831-72548EE591A7}.Ad-Hoc|x86.ActiveCfg = Release|x86
		{8DECCA6E-3DC8-4A11-8831-72548EE591A7}.Ad-Hoc|x86.Build.0 = Release|x86
		{8DECCA6E-3DC8-4A11-8831-72548EE591A7}.Ad-Hoc|x86.Deploy.0 = Release|x86
		{8DECCA6E-3DC8-4A11-8831-72548EE591A7}.AppStore|Any CPU.ActiveCfg = Release|x86
		{8DECCA6E-3DC8-4A11-8831-72548EE591A7}.AppStore|Any CPU.Build.0 = Release|x86
		{8DECCA6E-3DC8-4A11-8831-72548EE591A7}.AppStore|Any CPU.Deploy.0 = Release|x86
		{8DECCA6E-3DC8-4A11-8831-72548EE591A7}.AppStore|ARM.ActiveCfg = Release|ARM
		{8DECCA6E-3DC8-4A11-8831-72548EE591A7}.AppStore|ARM.Build.0 = Release|ARM
		{8DECCA6E-3DC8-4A11-8831-72548EE591A7}.AppStore|ARM.Deploy.0 = Release|ARM
		{8DECCA6E-3DC8-4A11-8831-72548EE591A7}.AppStore|iPhone.ActiveCfg = Release|x86
		{8DECCA6E-3DC8-4A11-8831-72548EE591A7}.AppStore|iPhone.Build.0 = Release|x86
		{8DECCA6E-3DC8-4A11-8831-72548EE591A7}.AppStore|iPhone.Deploy.0 = Release|x86
		{8DECCA6E-3DC8-4A11-8831-72548EE591A7}.AppStore|iPhoneSimulator.ActiveCfg = Release|x86
		{8DECCA6E-3DC8-4A11-8831-72548EE591A7}.AppStore|iPhoneSimulator.Build.0 = Release|x86
		{8DECCA6E-3DC8-4A11-8831-72548EE591A7}.AppStore|iPhoneSimulator.Deploy.0 = Release|x86
		{8DECCA6E-3DC8-4A11-8831-72548EE591A7}.AppStore|x64.ActiveCfg = Release|x64
		{8DECCA6E-3DC8-4A11-8831-72548EE591A7}.AppStore|x64.Build.0 = Release|x64
		{8DECCA6E-3DC8-4A11-8831-72548EE591A7}.AppStore|x64.Deploy.0 = Release|x64
		{8DECCA6E-3DC8-4A11-8831-72548EE591A7}.AppStore|x86.ActiveCfg = Release|x86
		{8DECCA6E-3DC8-4A11-8831-72548EE591A7}.AppStore|x86.Build.0 = Release|x86
		{8DECCA6E-3DC8-4A11-8831-72548EE591A7}.AppStore|x86.Deploy.0 = Release|x86
		{8DECCA6E-3DC8-4A11-8831-72548EE591A7}.Debug|Any CPU.ActiveCfg = Debug|x86
		{8DECCA6E-3DC8-4A11-8831-72548EE591A7}.Debug|ARM.ActiveCfg = Debug|ARM
		{8DECCA6E-3DC8-4A11-8831-72548EE591A7}.Debug|ARM.Build.0 = Debug|ARM
		{8DECCA6E-3DC8-4A11-8831-72548EE591A7}.Debug|ARM.Deploy.0 = Debug|ARM
		{8DECCA6E-3DC8-4A11-8831-72548EE591A7}.Debug|iPhone.ActiveCfg = Debug|x86
		{8DECCA6E-3DC8-4A11-8831-72548EE591A7}.Debug|iPhoneSimulator.ActiveCfg = Debug|x86
		{8DECCA6E-3DC8-4A11-8831-72548EE591A7}.Debug|x64.ActiveCfg = Debug|x64
		{8DECCA6E-3DC8-4A11-8831-72548EE591A7}.Debug|x64.Build.0 = Debug|x64
		{8DECCA6E-3DC8-4A11-8831-72548EE591A7}.Debug|x64.Deploy.0 = Debug|x64
		{8DECCA6E-3DC8-4A11-8831-72548EE591A7}.Debug|x86.ActiveCfg = Debug|x86
		{8DECCA6E-3DC8-4A11-8831-72548EE591A7}.Debug|x86.Build.0 = Debug|x86
		{8DECCA6E-3DC8-4A11-8831-72548EE591A7}.Debug|x86.Deploy.0 = Debug|x86
		{8DECCA6E-3DC8-4A11-8831-72548EE591A7}.Release|Any CPU.ActiveCfg = Release|x86
		{8DECCA6E-3DC8-4A11-8831-72548EE591A7}.Release|ARM.ActiveCfg = Release|ARM
		{8DECCA6E-3DC8-4A11-8831-72548EE591A7}.Release|ARM.Build.0 = Release|ARM
		{8DECCA6E-3DC8-4A11-8831-72548EE591A7}.Release|ARM.Deploy.0 = Release|ARM
		{8DECCA6E-3DC8-4A11-8831-72548EE591A7}.Release|iPhone.ActiveCfg = Release|x86
		{8DECCA6E-3DC8-4A11-8831-72548EE591A7}.Release|iPhoneSimulator.ActiveCfg = Release|x86
		{8DECCA6E-3DC8-4A11-8831-72548EE591A7}.Release|x64.ActiveCfg = Release|x64
		{8DECCA6E-3DC8-4A11-8831-72548EE591A7}.Release|x64.Build.0 = Release|x64
		{8DECCA6E-3DC8-4A11-8831-72548EE591A7}.Release|x64.Deploy.0 = Release|x64
		{8DECCA6E-3DC8-4A11-8831-72548EE591A7}.Release|x86.ActiveCfg = Release|x86
		{8DECCA6E-3DC8-4A11-8831-72548EE591A7}.Release|x86.Build.0 = Release|x86
		{8DECCA6E-3DC8-4A11-8831-72548EE591A7}.Release|x86.Deploy.0 = Release|x86
		{9EFA4BAB-37CE-42D1-AD89-52387EF88FAB}.Ad-Hoc|Any CPU.ActiveCfg = Release|Any CPU
		{9EFA4BAB-37CE-42D1-AD89-52387EF88FAB}.Ad-Hoc|Any CPU.Build.0 = Release|Any CPU
		{9EFA4BAB-37CE-42D1-AD89-52387EF88FAB}.Ad-Hoc|Any CPU.Deploy.0 = Release|Any CPU
		{9EFA4BAB-37CE-42D1-AD89-52387EF88FAB}.Ad-Hoc|ARM.ActiveCfg = Release|ARM
		{9EFA4BAB-37CE-42D1-AD89-52387EF88FAB}.Ad-Hoc|ARM.Build.0 = Release|ARM
		{9EFA4BAB-37CE-42D1-AD89-52387EF88FAB}.Ad-Hoc|ARM.Deploy.0 = Release|ARM
		{9EFA4BAB-37CE-42D1-AD89-52387EF88FAB}.Ad-Hoc|iPhone.ActiveCfg = Release|Any CPU
		{9EFA4BAB-37CE-42D1-AD89-52387EF88FAB}.Ad-Hoc|iPhone.Build.0 = Release|Any CPU
		{9EFA4BAB-37CE-42D1-AD89-52387EF88FAB}.Ad-Hoc|iPhone.Deploy.0 = Release|Any CPU
		{9EFA4BAB-37CE-42D1-AD89-52387EF88FAB}.Ad-Hoc|iPhoneSimulator.ActiveCfg = Release|Any CPU
		{9EFA4BAB-37CE-42D1-AD89-52387EF88FAB}.Ad-Hoc|iPhoneSimulator.Build.0 = Release|Any CPU
		{9EFA4BAB-37CE-42D1-AD89-52387EF88FAB}.Ad-Hoc|iPhoneSimulator.Deploy.0 = Release|Any CPU
		{9EFA4BAB-37CE-42D1-AD89-52387EF88FAB}.Ad-Hoc|x64.ActiveCfg = Release|x64
		{9EFA4BAB-37CE-42D1-AD89-52387EF88FAB}.Ad-Hoc|x64.Build.0 = Release|x64
		{9EFA4BAB-37CE-42D1-AD89-52387EF88FAB}.Ad-Hoc|x64.Deploy.0 = Release|x64
		{9EFA4BAB-37CE-42D1-AD89-52387EF88FAB}.Ad-Hoc|x86.ActiveCfg = Release|x86
		{9EFA4BAB-37CE-42D1-AD89-52387EF88FAB}.Ad-Hoc|x86.Build.0 = Release|x86
		{9EFA4BAB-37CE-42D1-AD89-52387EF88FAB}.Ad-Hoc|x86.Deploy.0 = Release|x86
		{9EFA4BAB-37CE-42D1-AD89-52387EF88FAB}.AppStore|Any CPU.ActiveCfg = Release|Any CPU
		{9EFA4BAB-37CE-42D1-AD89-52387EF88FAB}.AppStore|Any CPU.Build.0 = Release|Any CPU
		{9EFA4BAB-37CE-42D1-AD89-52387EF88FAB}.AppStore|Any CPU.Deploy.0 = Release|Any CPU
		{9EFA4BAB-37CE-42D1-AD89-52387EF88FAB}.AppStore|ARM.ActiveCfg = Release|ARM
		{9EFA4BAB-37CE-42D1-AD89-52387EF88FAB}.AppStore|ARM.Build.0 = Release|ARM
		{9EFA4BAB-37CE-42D1-AD89-52387EF88FAB}.AppStore|ARM.Deploy.0 = Release|ARM
		{9EFA4BAB-37CE-42D1-AD89-52387EF88FAB}.AppStore|iPhone.ActiveCfg = Release|Any CPU
		{9EFA4BAB-37CE-42D1-AD89-52387EF88FAB}.AppStore|iPhone.Build.0 = Release|Any CPU
		{9EFA4BAB-37CE-42D1-AD89-52387EF88FAB}.AppStore|iPhone.Deploy.0 = Release|Any CPU
		{9EFA4BAB-37CE-42D1-AD89-52387EF88FAB}.AppStore|iPhoneSimulator.ActiveCfg = Release|Any CPU
		{9EFA4BAB-37CE-42D1-AD89-52387EF88FAB}.AppStore|iPhoneSimulator.Build.0 = Release|Any CPU
		{9EFA4BAB-37CE-42D1-AD89-52387EF88FAB}.AppStore|iPhoneSimulator.Deploy.0 = Release|Any CPU
		{9EFA4BAB-37CE-42D1-AD89-52387EF88FAB}.AppStore|x64.ActiveCfg = Release|x64
		{9EFA4BAB-37CE-42D1-AD89-52387EF88FAB}.AppStore|x64.Build.0 = Release|x64
		{9EFA4BAB-37CE-42D1-AD89-52387EF88FAB}.AppStore|x64.Deploy.0 = Release|x64
		{9EFA4BAB-37CE-42D1-AD89-52387EF88FAB}.AppStore|x86.ActiveCfg = Release|x86
		{9EFA4BAB-37CE-42D1-AD89-52387EF88FAB}.AppStore|x86.Build.0 = Release|x86
		{9EFA4BAB-37CE-42D1-AD89-52387EF88FAB}.AppStore|x86.Deploy.0 = Release|x86
		{9EFA4BAB-37CE-42D1-AD89-52387EF88FAB}.Debug|Any CPU.ActiveCfg = Debug|Any CPU
		{9EFA4BAB-37CE-42D1-AD89-52387EF88FAB}.Debug|Any CPU.Build.0 = Debug|Any CPU
		{9EFA4BAB-37CE-42D1-AD89-52387EF88FAB}.Debug|Any CPU.Deploy.0 = Debug|Any CPU
		{9EFA4BAB-37CE-42D1-AD89-52387EF88FAB}.Debug|ARM.ActiveCfg = Debug|ARM
		{9EFA4BAB-37CE-42D1-AD89-52387EF88FAB}.Debug|ARM.Build.0 = Debug|ARM
		{9EFA4BAB-37CE-42D1-AD89-52387EF88FAB}.Debug|ARM.Deploy.0 = Debug|ARM
		{9EFA4BAB-37CE-42D1-AD89-52387EF88FAB}.Debug|iPhone.ActiveCfg = Debug|Any CPU
		{9EFA4BAB-37CE-42D1-AD89-52387EF88FAB}.Debug|iPhone.Build.0 = Debug|Any CPU
		{9EFA4BAB-37CE-42D1-AD89-52387EF88FAB}.Debug|iPhone.Deploy.0 = Debug|Any CPU
		{9EFA4BAB-37CE-42D1-AD89-52387EF88FAB}.Debug|iPhoneSimulator.ActiveCfg = Debug|Any CPU
		{9EFA4BAB-37CE-42D1-AD89-52387EF88FAB}.Debug|iPhoneSimulator.Build.0 = Debug|Any CPU
		{9EFA4BAB-37CE-42D1-AD89-52387EF88FAB}.Debug|iPhoneSimulator.Deploy.0 = Debug|Any CPU
		{9EFA4BAB-37CE-42D1-AD89-52387EF88FAB}.Debug|x64.ActiveCfg = Debug|x64
		{9EFA4BAB-37CE-42D1-AD89-52387EF88FAB}.Debug|x64.Build.0 = Debug|x64
		{9EFA4BAB-37CE-42D1-AD89-52387EF88FAB}.Debug|x64.Deploy.0 = Debug|x64
		{9EFA4BAB-37CE-42D1-AD89-52387EF88FAB}.Debug|x86.ActiveCfg = Debug|x86
		{9EFA4BAB-37CE-42D1-AD89-52387EF88FAB}.Debug|x86.Build.0 = Debug|x86
		{9EFA4BAB-37CE-42D1-AD89-52387EF88FAB}.Debug|x86.Deploy.0 = Debug|x86
		{9EFA4BAB-37CE-42D1-AD89-52387EF88FAB}.Release|Any CPU.ActiveCfg = Release|Any CPU
		{9EFA4BAB-37CE-42D1-AD89-52387EF88FAB}.Release|Any CPU.Build.0 = Release|Any CPU
		{9EFA4BAB-37CE-42D1-AD89-52387EF88FAB}.Release|Any CPU.Deploy.0 = Release|Any CPU
		{9EFA4BAB-37CE-42D1-AD89-52387EF88FAB}.Release|ARM.ActiveCfg = Release|ARM
		{9EFA4BAB-37CE-42D1-AD89-52387EF88FAB}.Release|ARM.Build.0 = Release|ARM
		{9EFA4BAB-37CE-42D1-AD89-52387EF88FAB}.Release|ARM.Deploy.0 = Release|ARM
		{9EFA4BAB-37CE-42D1-AD89-52387EF88FAB}.Release|iPhone.ActiveCfg = Release|Any CPU
		{9EFA4BAB-37CE-42D1-AD89-52387EF88FAB}.Release|iPhone.Build.0 = Release|Any CPU
		{9EFA4BAB-37CE-42D1-AD89-52387EF88FAB}.Release|iPhone.Deploy.0 = Release|Any CPU
		{9EFA4BAB-37CE-42D1-AD89-52387EF88FAB}.Release|iPhoneSimulator.ActiveCfg = Release|Any CPU
		{9EFA4BAB-37CE-42D1-AD89-52387EF88FAB}.Release|iPhoneSimulator.Build.0 = Release|Any CPU
		{9EFA4BAB-37CE-42D1-AD89-52387EF88FAB}.Release|iPhoneSimulator.Deploy.0 = Release|Any CPU
		{9EFA4BAB-37CE-42D1-AD89-52387EF88FAB}.Release|x64.ActiveCfg = Release|x64
		{9EFA4BAB-37CE-42D1-AD89-52387EF88FAB}.Release|x64.Build.0 = Release|x64
		{9EFA4BAB-37CE-42D1-AD89-52387EF88FAB}.Release|x64.Deploy.0 = Release|x64
		{9EFA4BAB-37CE-42D1-AD89-52387EF88FAB}.Release|x86.ActiveCfg = Release|x86
		{9EFA4BAB-37CE-42D1-AD89-52387EF88FAB}.Release|x86.Build.0 = Release|x86
		{9EFA4BAB-37CE-42D1-AD89-52387EF88FAB}.Release|x86.Deploy.0 = Release|x86
		{F913A625-247E-49B4-8474-1801C07F1D20}.Ad-Hoc|Any CPU.ActiveCfg = Release|Any CPU
		{F913A625-247E-49B4-8474-1801C07F1D20}.Ad-Hoc|Any CPU.Build.0 = Release|Any CPU
		{F913A625-247E-49B4-8474-1801C07F1D20}.Ad-Hoc|ARM.ActiveCfg = Release|Any CPU
		{F913A625-247E-49B4-8474-1801C07F1D20}.Ad-Hoc|ARM.Build.0 = Release|Any CPU
		{F913A625-247E-49B4-8474-1801C07F1D20}.Ad-Hoc|iPhone.ActiveCfg = Release|Any CPU
		{F913A625-247E-49B4-8474-1801C07F1D20}.Ad-Hoc|iPhone.Build.0 = Release|Any CPU
		{F913A625-247E-49B4-8474-1801C07F1D20}.Ad-Hoc|iPhoneSimulator.ActiveCfg = Release|Any CPU
		{F913A625-247E-49B4-8474-1801C07F1D20}.Ad-Hoc|iPhoneSimulator.Build.0 = Release|Any CPU
		{F913A625-247E-49B4-8474-1801C07F1D20}.Ad-Hoc|x64.ActiveCfg = Release|Any CPU
		{F913A625-247E-49B4-8474-1801C07F1D20}.Ad-Hoc|x64.Build.0 = Release|Any CPU
		{F913A625-247E-49B4-8474-1801C07F1D20}.Ad-Hoc|x86.ActiveCfg = Release|Any CPU
		{F913A625-247E-49B4-8474-1801C07F1D20}.Ad-Hoc|x86.Build.0 = Release|Any CPU
		{F913A625-247E-49B4-8474-1801C07F1D20}.AppStore|Any CPU.ActiveCfg = Release|Any CPU
		{F913A625-247E-49B4-8474-1801C07F1D20}.AppStore|Any CPU.Build.0 = Release|Any CPU
		{F913A625-247E-49B4-8474-1801C07F1D20}.AppStore|ARM.ActiveCfg = Release|Any CPU
		{F913A625-247E-49B4-8474-1801C07F1D20}.AppStore|ARM.Build.0 = Release|Any CPU
		{F913A625-247E-49B4-8474-1801C07F1D20}.AppStore|iPhone.ActiveCfg = Release|Any CPU
		{F913A625-247E-49B4-8474-1801C07F1D20}.AppStore|iPhone.Build.0 = Release|Any CPU
		{F913A625-247E-49B4-8474-1801C07F1D20}.AppStore|iPhoneSimulator.ActiveCfg = Release|Any CPU
		{F913A625-247E-49B4-8474-1801C07F1D20}.AppStore|iPhoneSimulator.Build.0 = Release|Any CPU
		{F913A625-247E-49B4-8474-1801C07F1D20}.AppStore|x64.ActiveCfg = Release|Any CPU
		{F913A625-247E-49B4-8474-1801C07F1D20}.AppStore|x64.Build.0 = Release|Any CPU
		{F913A625-247E-49B4-8474-1801C07F1D20}.AppStore|x86.ActiveCfg = Release|Any CPU
		{F913A625-247E-49B4-8474-1801C07F1D20}.AppStore|x86.Build.0 = Release|Any CPU
		{F913A625-247E-49B4-8474-1801C07F1D20}.Debug|Any CPU.ActiveCfg = Debug|Any CPU
		{F913A625-247E-49B4-8474-1801C07F1D20}.Debug|Any CPU.Build.0 = Debug|Any CPU
		{F913A625-247E-49B4-8474-1801C07F1D20}.Debug|ARM.ActiveCfg = Debug|Any CPU
		{F913A625-247E-49B4-8474-1801C07F1D20}.Debug|ARM.Build.0 = Debug|Any CPU
		{F913A625-247E-49B4-8474-1801C07F1D20}.Debug|iPhone.ActiveCfg = Debug|Any CPU
		{F913A625-247E-49B4-8474-1801C07F1D20}.Debug|iPhone.Build.0 = Debug|Any CPU
		{F913A625-247E-49B4-8474-1801C07F1D20}.Debug|iPhoneSimulator.ActiveCfg = Debug|Any CPU
		{F913A625-247E-49B4-8474-1801C07F1D20}.Debug|iPhoneSimulator.Build.0 = Debug|Any CPU
		{F913A625-247E-49B4-8474-1801C07F1D20}.Debug|x64.ActiveCfg = Debug|Any CPU
		{F913A625-247E-49B4-8474-1801C07F1D20}.Debug|x64.Build.0 = Debug|Any CPU
		{F913A625-247E-49B4-8474-1801C07F1D20}.Debug|x86.ActiveCfg = Debug|Any CPU
		{F913A625-247E-49B4-8474-1801C07F1D20}.Debug|x86.Build.0 = Debug|Any CPU
		{F913A625-247E-49B4-8474-1801C07F1D20}.Release|Any CPU.ActiveCfg = Release|Any CPU
		{F913A625-247E-49B4-8474-1801C07F1D20}.Release|Any CPU.Build.0 = Release|Any CPU
		{F913A625-247E-49B4-8474-1801C07F1D20}.Release|ARM.ActiveCfg = Release|Any CPU
		{F913A625-247E-49B4-8474-1801C07F1D20}.Release|ARM.Build.0 = Release|Any CPU
		{F913A625-247E-49B4-8474-1801C07F1D20}.Release|iPhone.ActiveCfg = Release|Any CPU
		{F913A625-247E-49B4-8474-1801C07F1D20}.Release|iPhone.Build.0 = Release|Any CPU
		{F913A625-247E-49B4-8474-1801C07F1D20}.Release|iPhoneSimulator.ActiveCfg = Release|Any CPU
		{F913A625-247E-49B4-8474-1801C07F1D20}.Release|iPhoneSimulator.Build.0 = Release|Any CPU
		{F913A625-247E-49B4-8474-1801C07F1D20}.Release|x64.ActiveCfg = Release|Any CPU
		{F913A625-247E-49B4-8474-1801C07F1D20}.Release|x64.Build.0 = Release|Any CPU
		{F913A625-247E-49B4-8474-1801C07F1D20}.Release|x86.ActiveCfg = Release|Any CPU
		{F913A625-247E-49B4-8474-1801C07F1D20}.Release|x86.Build.0 = Release|Any CPU
	EndGlobalSection
	GlobalSection(SolutionProperties) = preSolution
		HideSolutionNode = FALSE
	EndGlobalSection
EndGlobal
