
Microsoft Visual Studio Solution File, Format Version 12.00
# Visual Studio 14
VisualStudioVersion = 14.0.25420.1
MinimumVisualStudioVersion = 10.0.40219.1
Project("{FAE04EC0-301F-11D3-BF4B-00C04F79EFBC}") = "HelloXamarin.Droid", "HelloXamarin\HelloXamarin.Droid\HelloXamarin.Droid.csproj", "{005267BA-C64F-4F31-8AA3-28C8474CE1B4}"
EndProject
Project("{FAE04EC0-301F-11D3-BF4B-00C04F79EFBC}") = "HelloXamarin.iOS", "HelloXamarin\HelloXamarin.iOS\HelloXamarin.iOS.csproj", "{C466E2E6-189F-43EB-A40D-C4DF55665F61}"
EndProject
Project("{FAE04EC0-301F-11D3-BF4B-00C04F79EFBC}") = "HelloXamarin.WinPhone", "HelloXamarin\HelloXamarin.WinPhone\HelloXamarin.WinPhone.csproj", "{33A463CE-A536-4ECB-953C-DD154BB37948}"
EndProject
Project("{FAE04EC0-301F-11D3-BF4B-00C04F79EFBC}") = "HelloXamarin.UWP", "HelloXamarin\HelloXamarin.UWP\HelloXamarin.UWP.csproj", "{D824DC70-040A-4058-96AF-F806B27D6623}"
EndProject
Project("{FAE04EC0-301F-11D3-BF4B-00C04F79EFBC}") = "HelloXamarin.Windows", "HelloXamarin\HelloXamarin.Windows\HelloXamarin.Windows.csproj", "{1A9A77DB-3836-4B8C-9BD9-9A7F1FCE5C21}"
EndProject
Project("{FAE04EC0-301F-11D3-BF4B-00C04F79EFBC}") = "HelloXamarin", "HelloXamarin\HelloXamarin\HelloXamarin.csproj", "{AED0507B-8A3F-44B6-AF10-5994B298E297}"
EndProject
Global
	GlobalSection(SolutionConfigurationPlatforms) = preSolution
		Ad-Hoc|Any CPU = Ad-Hoc|Any CPU
		Ad-Hoc|ARM = Ad-Hoc|ARM
		Ad-Hoc|iPhone = Ad-Hoc|iPhone
		Ad-Hoc|iPhoneSimulator = Ad-Hoc|iPhoneSimulator
		Ad-Hoc|x64 = Ad-Hoc|x64
		Ad-Hoc|x86 = Ad-Hoc|x86
		AppStore|Any CPU = AppStore|Any CPU
		AppStore|ARM = AppStore|ARM
		AppStore|iPhone = AppStore|iPhone
		AppStore|iPhoneSimulator = AppStore|iPhoneSimulator
		AppStore|x64 = AppStore|x64
		AppStore|x86 = AppStore|x86
		Debug|Any CPU = Debug|Any CPU
		Debug|ARM = Debug|ARM
		Debug|iPhone = Debug|iPhone
		Debug|iPhoneSimulator = Debug|iPhoneSimulator
		Debug|x64 = Debug|x64
		Debug|x86 = Debug|x86
		Release|Any CPU = Release|Any CPU
		Release|ARM = Release|ARM
		Release|iPhone = Release|iPhone
		Release|iPhoneSimulator = Release|iPhoneSimulator
		Release|x64 = Release|x64
		Release|x86 = Release|x86
	EndGlobalSection
	GlobalSection(ProjectConfigurationPlatforms) = postSolution
		{005267BA-C64F-4F31-8AA3-28C8474CE1B4}.Ad-Hoc|Any CPU.ActiveCfg = Release|Any CPU
		{005267BA-C64F-4F31-8AA3-28C8474CE1B4}.Ad-Hoc|Any CPU.Build.0 = Release|Any CPU
		{005267BA-C64F-4F31-8AA3-28C8474CE1B4}.Ad-Hoc|Any CPU.Deploy.0 = Release|Any CPU
		{005267BA-C64F-4F31-8AA3-28C8474CE1B4}.Ad-Hoc|ARM.ActiveCfg = Release|Any CPU
		{005267BA-C64F-4F31-8AA3-28C8474CE1B4}.Ad-Hoc|ARM.Build.0 = Release|Any CPU
		{005267BA-C64F-4F31-8AA3-28C8474CE1B4}.Ad-Hoc|ARM.Deploy.0 = Release|Any CPU
		{005267BA-C64F-4F31-8AA3-28C8474CE1B4}.Ad-Hoc|iPhone.ActiveCfg = Release|Any CPU
		{005267BA-C64F-4F31-8AA3-28C8474CE1B4}.Ad-Hoc|iPhone.Build.0 = Release|Any CPU
		{005267BA-C64F-4F31-8AA3-28C8474CE1B4}.Ad-Hoc|iPhone.Deploy.0 = Release|Any CPU
		{005267BA-C64F-4F31-8AA3-28C8474CE1B4}.Ad-Hoc|iPhoneSimulator.ActiveCfg = Release|Any CPU
		{005267BA-C64F-4F31-8AA3-28C8474CE1B4}.Ad-Hoc|iPhoneSimulator.Build.0 = Release|Any CPU
		{005267BA-C64F-4F31-8AA3-28C8474CE1B4}.Ad-Hoc|iPhoneSimulator.Deploy.0 = Release|Any CPU
		{005267BA-C64F-4F31-8AA3-28C8474CE1B4}.Ad-Hoc|x64.ActiveCfg = Release|Any CPU
		{005267BA-C64F-4F31-8AA3-28C8474CE1B4}.Ad-Hoc|x64.Build.0 = Release|Any CPU
		{005267BA-C64F-4F31-8AA3-28C8474CE1B4}.Ad-Hoc|x64.Deploy.0 = Release|Any CPU
		{005267BA-C64F-4F31-8AA3-28C8474CE1B4}.Ad-Hoc|x86.ActiveCfg = Release|Any CPU
		{005267BA-C64F-4F31-8AA3-28C8474CE1B4}.Ad-Hoc|x86.Build.0 = Release|Any CPU
		{005267BA-C64F-4F31-8AA3-28C8474CE1B4}.Ad-Hoc|x86.Deploy.0 = Release|Any CPU
		{005267BA-C64F-4F31-8AA3-28C8474CE1B4}.AppStore|Any CPU.ActiveCfg = Release|Any CPU
		{005267BA-C64F-4F31-8AA3-28C8474CE1B4}.AppStore|Any CPU.Build.0 = Release|Any CPU
		{005267BA-C64F-4F31-8AA3-28C8474CE1B4}.AppStore|Any CPU.Deploy.0 = Release|Any CPU
		{005267BA-C64F-4F31-8AA3-28C8474CE1B4}.AppStore|ARM.ActiveCfg = Release|Any CPU
		{005267BA-C64F-4F31-8AA3-28C8474CE1B4}.AppStore|ARM.Build.0 = Release|Any CPU
		{005267BA-C64F-4F31-8AA3-28C8474CE1B4}.AppStore|ARM.Deploy.0 = Release|Any CPU
		{005267BA-C64F-4F31-8AA3-28C8474CE1B4}.AppStore|iPhone.ActiveCfg = Release|Any CPU
		{005267BA-C64F-4F31-8AA3-28C8474CE1B4}.AppStore|iPhone.Build.0 = Release|Any CPU
		{005267BA-C64F-4F31-8AA3-28C8474CE1B4}.AppStore|iPhone.Deploy.0 = Release|Any CPU
		{005267BA-C64F-4F31-8AA3-28C8474CE1B4}.AppStore|iPhoneSimulator.ActiveCfg = Release|Any CPU
		{005267BA-C64F-4F31-8AA3-28C8474CE1B4}.AppStore|iPhoneSimulator.Build.0 = Release|Any CPU
		{005267BA-C64F-4F31-8AA3-28C8474CE1B4}.AppStore|iPhoneSimulator.Deploy.0 = Release|Any CPU
		{005267BA-C64F-4F31-8AA3-28C8474CE1B4}.AppStore|x64.ActiveCfg = Release|Any CPU
		{005267BA-C64F-4F31-8AA3-28C8474CE1B4}.AppStore|x64.Build.0 = Release|Any CPU
		{005267BA-C64F-4F31-8AA3-28C8474CE1B4}.AppStore|x64.Deploy.0 = Release|Any CPU
		{005267BA-C64F-4F31-8AA3-28C8474CE1B4}.AppStore|x86.ActiveCfg = Release|Any CPU
		{005267BA-C64F-4F31-8AA3-28C8474CE1B4}.AppStore|x86.Build.0 = Release|Any CPU
		{005267BA-C64F-4F31-8AA3-28C8474CE1B4}.AppStore|x86.Deploy.0 = Release|Any CPU
		{005267BA-C64F-4F31-8AA3-28C8474CE1B4}.Debug|Any CPU.ActiveCfg = Debug|Any CPU
		{005267BA-C64F-4F31-8AA3-28C8474CE1B4}.Debug|Any CPU.Build.0 = Debug|Any CPU
		{005267BA-C64F-4F31-8AA3-28C8474CE1B4}.Debug|Any CPU.Deploy.0 = Debug|Any CPU
		{005267BA-C64F-4F31-8AA3-28C8474CE1B4}.Debug|ARM.ActiveCfg = Debug|Any CPU
		{005267BA-C64F-4F31-8AA3-28C8474CE1B4}.Debug|ARM.Build.0 = Debug|Any CPU
		{005267BA-C64F-4F31-8AA3-28C8474CE1B4}.Debug|ARM.Deploy.0 = Debug|Any CPU
		{005267BA-C64F-4F31-8AA3-28C8474CE1B4}.Debug|iPhone.ActiveCfg = Debug|Any CPU
		{005267BA-C64F-4F31-8AA3-28C8474CE1B4}.Debug|iPhone.Build.0 = Debug|Any CPU
		{005267BA-C64F-4F31-8AA3-28C8474CE1B4}.Debug|iPhone.Deploy.0 = Debug|Any CPU
		{005267BA-C64F-4F31-8AA3-28C8474CE1B4}.Debug|iPhoneSimulator.ActiveCfg = Debug|Any CPU
		{005267BA-C64F-4F31-8AA3-28C8474CE1B4}.Debug|iPhoneSimulator.Build.0 = Debug|Any CPU
		{005267BA-C64F-4F31-8AA3-28C8474CE1B4}.Debug|iPhoneSimulator.Deploy.0 = Debug|Any CPU
		{005267BA-C64F-4F31-8AA3-28C8474CE1B4}.Debug|x64.ActiveCfg = Debug|Any CPU
		{005267BA-C64F-4F31-8AA3-28C8474CE1B4}.Debug|x64.Build.0 = Debug|Any CPU
		{005267BA-C64F-4F31-8AA3-28C8474CE1B4}.Debug|x64.Deploy.0 = Debug|Any CPU
		{005267BA-C64F-4F31-8AA3-28C8474CE1B4}.Debug|x86.ActiveCfg = Debug|Any CPU
		{005267BA-C64F-4F31-8AA3-28C8474CE1B4}.Debug|x86.Build.0 = Debug|Any CPU
		{005267BA-C64F-4F31-8AA3-28C8474CE1B4}.Debug|x86.Deploy.0 = Debug|Any CPU
		{005267BA-C64F-4F31-8AA3-28C8474CE1B4}.Release|Any CPU.ActiveCfg = Release|Any CPU
		{005267BA-C64F-4F31-8AA3-28C8474CE1B4}.Release|Any CPU.Build.0 = Release|Any CPU
		{005267BA-C64F-4F31-8AA3-28C8474CE1B4}.Release|Any CPU.Deploy.0 = Release|Any CPU
		{005267BA-C64F-4F31-8AA3-28C8474CE1B4}.Release|ARM.ActiveCfg = Release|Any CPU
		{005267BA-C64F-4F31-8AA3-28C8474CE1B4}.Release|ARM.Build.0 = Release|Any CPU
		{005267BA-C64F-4F31-8AA3-28C8474CE1B4}.Release|ARM.Deploy.0 = Release|Any CPU
		{005267BA-C64F-4F31-8AA3-28C8474CE1B4}.Release|iPhone.ActiveCfg = Release|Any CPU
		{005267BA-C64F-4F31-8AA3-28C8474CE1B4}.Release|iPhone.Build.0 = Release|Any CPU
		{005267BA-C64F-4F31-8AA3-28C8474CE1B4}.Release|iPhone.Deploy.0 = Release|Any CPU
		{005267BA-C64F-4F31-8AA3-28C8474CE1B4}.Release|iPhoneSimulator.ActiveCfg = Release|Any CPU
		{005267BA-C64F-4F31-8AA3-28C8474CE1B4}.Release|iPhoneSimulator.Build.0 = Release|Any CPU
		{005267BA-C64F-4F31-8AA3-28C8474CE1B4}.Release|iPhoneSimulator.Deploy.0 = Release|Any CPU
		{005267BA-C64F-4F31-8AA3-28C8474CE1B4}.Release|x64.ActiveCfg = Release|Any CPU
		{005267BA-C64F-4F31-8AA3-28C8474CE1B4}.Release|x64.Build.0 = Release|Any CPU
		{005267BA-C64F-4F31-8AA3-28C8474CE1B4}.Release|x64.Deploy.0 = Release|Any CPU
		{005267BA-C64F-4F31-8AA3-28C8474CE1B4}.Release|x86.ActiveCfg = Release|Any CPU
		{005267BA-C64F-4F31-8AA3-28C8474CE1B4}.Release|x86.Build.0 = Release|Any CPU
		{005267BA-C64F-4F31-8AA3-28C8474CE1B4}.Release|x86.Deploy.0 = Release|Any CPU
		{C466E2E6-189F-43EB-A40D-C4DF55665F61}.Ad-Hoc|Any CPU.ActiveCfg = Ad-Hoc|iPhone
		{C466E2E6-189F-43EB-A40D-C4DF55665F61}.Ad-Hoc|ARM.ActiveCfg = Ad-Hoc|iPhone
		{C466E2E6-189F-43EB-A40D-C4DF55665F61}.Ad-Hoc|iPhone.ActiveCfg = Ad-Hoc|iPhone
		{C466E2E6-189F-43EB-A40D-C4DF55665F61}.Ad-Hoc|iPhone.Build.0 = Ad-Hoc|iPhone
		{C466E2E6-189F-43EB-A40D-C4DF55665F61}.Ad-Hoc|iPhoneSimulator.ActiveCfg = Ad-Hoc|iPhoneSimulator
		{C466E2E6-189F-43EB-A40D-C4DF55665F61}.Ad-Hoc|iPhoneSimulator.Build.0 = Ad-Hoc|iPhoneSimulator
		{C466E2E6-189F-43EB-A40D-C4DF55665F61}.Ad-Hoc|x64.ActiveCfg = Ad-Hoc|iPhone
		{C466E2E6-189F-43EB-A40D-C4DF55665F61}.Ad-Hoc|x86.ActiveCfg = Ad-Hoc|iPhone
		{C466E2E6-189F-43EB-A40D-C4DF55665F61}.AppStore|Any CPU.ActiveCfg = AppStore|iPhone
		{C466E2E6-189F-43EB-A40D-C4DF55665F61}.AppStore|ARM.ActiveCfg = AppStore|iPhone
		{C466E2E6-189F-43EB-A40D-C4DF55665F61}.AppStore|iPhone.ActiveCfg = AppStore|iPhone
		{C466E2E6-189F-43EB-A40D-C4DF55665F61}.AppStore|iPhone.Build.0 = AppStore|iPhone
		{C466E2E6-189F-43EB-A40D-C4DF55665F61}.AppStore|iPhoneSimulator.ActiveCfg = AppStore|iPhoneSimulator
		{C466E2E6-189F-43EB-A40D-C4DF55665F61}.AppStore|iPhoneSimulator.Build.0 = AppStore|iPhoneSimulator
		{C466E2E6-189F-43EB-A40D-C4DF55665F61}.AppStore|x64.ActiveCfg = AppStore|iPhone
		{C466E2E6-189F-43EB-A40D-C4DF55665F61}.AppStore|x86.ActiveCfg = AppStore|iPhone
		{C466E2E6-189F-43EB-A40D-C4DF55665F61}.Debug|Any CPU.ActiveCfg = Debug|iPhone
		{C466E2E6-189F-43EB-A40D-C4DF55665F61}.Debug|ARM.ActiveCfg = Debug|iPhone
		{C466E2E6-189F-43EB-A40D-C4DF55665F61}.Debug|iPhone.ActiveCfg = Debug|iPhone
		{C466E2E6-189F-43EB-A40D-C4DF55665F61}.Debug|iPhone.Build.0 = Debug|iPhone
		{C466E2E6-189F-43EB-A40D-C4DF55665F61}.Debug|iPhoneSimulator.ActiveCfg = Debug|iPhoneSimulator
		{C466E2E6-189F-43EB-A40D-C4DF55665F61}.Debug|iPhoneSimulator.Build.0 = Debug|iPhoneSimulator
		{C466E2E6-189F-43EB-A40D-C4DF55665F61}.Debug|x64.ActiveCfg = Debug|iPhone
		{C466E2E6-189F-43EB-A40D-C4DF55665F61}.Debug|x86.ActiveCfg = Debug|iPhone
		{C466E2E6-189F-43EB-A40D-C4DF55665F61}.Release|Any CPU.ActiveCfg = Release|iPhone
		{C466E2E6-189F-43EB-A40D-C4DF55665F61}.Release|ARM.ActiveCfg = Release|iPhone
		{C466E2E6-189F-43EB-A40D-C4DF55665F61}.Release|iPhone.ActiveCfg = Release|iPhone
		{C466E2E6-189F-43EB-A40D-C4DF55665F61}.Release|iPhone.Build.0 = Release|iPhone
		{C466E2E6-189F-43EB-A40D-C4DF55665F61}.Release|iPhoneSimulator.ActiveCfg = Release|iPhoneSimulator
		{C466E2E6-189F-43EB-A40D-C4DF55665F61}.Release|iPhoneSimulator.Build.0 = Release|iPhoneSimulator
		{C466E2E6-189F-43EB-A40D-C4DF55665F61}.Release|x64.ActiveCfg = Release|iPhone
		{C466E2E6-189F-43EB-A40D-C4DF55665F61}.Release|x86.ActiveCfg = Release|iPhone
		{33A463CE-A536-4ECB-953C-DD154BB37948}.Ad-Hoc|Any CPU.ActiveCfg = Release|Any CPU
		{33A463CE-A536-4ECB-953C-DD154BB37948}.Ad-Hoc|Any CPU.Build.0 = Release|Any CPU
		{33A463CE-A536-4ECB-953C-DD154BB37948}.Ad-Hoc|Any CPU.Deploy.0 = Release|Any CPU
		{33A463CE-A536-4ECB-953C-DD154BB37948}.Ad-Hoc|ARM.ActiveCfg = Release|ARM
		{33A463CE-A536-4ECB-953C-DD154BB37948}.Ad-Hoc|ARM.Build.0 = Release|ARM
		{33A463CE-A536-4ECB-953C-DD154BB37948}.Ad-Hoc|ARM.Deploy.0 = Release|ARM
		{33A463CE-A536-4ECB-953C-DD154BB37948}.Ad-Hoc|iPhone.ActiveCfg = Release|Any CPU
		{33A463CE-A536-4ECB-953C-DD154BB37948}.Ad-Hoc|iPhone.Build.0 = Release|Any CPU
		{33A463CE-A536-4ECB-953C-DD154BB37948}.Ad-Hoc|iPhone.Deploy.0 = Release|Any CPU
		{33A463CE-A536-4ECB-953C-DD154BB37948}.Ad-Hoc|iPhoneSimulator.ActiveCfg = Release|Any CPU
		{33A463CE-A536-4ECB-953C-DD154BB37948}.Ad-Hoc|iPhoneSimulator.Build.0 = Release|Any CPU
		{33A463CE-A536-4ECB-953C-DD154BB37948}.Ad-Hoc|iPhoneSimulator.Deploy.0 = Release|Any CPU
		{33A463CE-A536-4ECB-953C-DD154BB37948}.Ad-Hoc|x64.ActiveCfg = Release|Any CPU
		{33A463CE-A536-4ECB-953C-DD154BB37948}.Ad-Hoc|x64.Build.0 = Release|Any CPU
		{33A463CE-A536-4ECB-953C-DD154BB37948}.Ad-Hoc|x64.Deploy.0 = Release|Any CPU
		{33A463CE-A536-4ECB-953C-DD154BB37948}.Ad-Hoc|x86.ActiveCfg = Release|x86
		{33A463CE-A536-4ECB-953C-DD154BB37948}.Ad-Hoc|x86.Build.0 = Release|x86
		{33A463CE-A536-4ECB-953C-DD154BB37948}.Ad-Hoc|x86.Deploy.0 = Release|x86
		{33A463CE-A536-4ECB-953C-DD154BB37948}.AppStore|Any CPU.ActiveCfg = Release|Any CPU
		{33A463CE-A536-4ECB-953C-DD154BB37948}.AppStore|Any CPU.Build.0 = Release|Any CPU
		{33A463CE-A536-4ECB-953C-DD154BB37948}.AppStore|Any CPU.Deploy.0 = Release|Any CPU
		{33A463CE-A536-4ECB-953C-DD154BB37948}.AppStore|ARM.ActiveCfg = Release|ARM
		{33A463CE-A536-4ECB-953C-DD154BB37948}.AppStore|ARM.Build.0 = Release|ARM
		{33A463CE-A536-4ECB-953C-DD154BB37948}.AppStore|ARM.Deploy.0 = Release|ARM
		{33A463CE-A536-4ECB-953C-DD154BB37948}.AppStore|iPhone.ActiveCfg = Release|Any CPU
		{33A463CE-A536-4ECB-953C-DD154BB37948}.AppStore|iPhone.Build.0 = Release|Any CPU
		{33A463CE-A536-4ECB-953C-DD154BB37948}.AppStore|iPhone.Deploy.0 = Release|Any CPU
		{33A463CE-A536-4ECB-953C-DD154BB37948}.AppStore|iPhoneSimulator.ActiveCfg = Release|Any CPU
		{33A463CE-A536-4ECB-953C-DD154BB37948}.AppStore|iPhoneSimulator.Build.0 = Release|Any CPU
		{33A463CE-A536-4ECB-953C-DD154BB37948}.AppStore|iPhoneSimulator.Deploy.0 = Release|Any CPU
		{33A463CE-A536-4ECB-953C-DD154BB37948}.AppStore|x64.ActiveCfg = Release|Any CPU
		{33A463CE-A536-4ECB-953C-DD154BB37948}.AppStore|x64.Build.0 = Release|Any CPU
		{33A463CE-A536-4ECB-953C-DD154BB37948}.AppStore|x64.Deploy.0 = Release|Any CPU
		{33A463CE-A536-4ECB-953C-DD154BB37948}.AppStore|x86.ActiveCfg = Release|x86
		{33A463CE-A536-4ECB-953C-DD154BB37948}.AppStore|x86.Build.0 = Release|x86
		{33A463CE-A536-4ECB-953C-DD154BB37948}.AppStore|x86.Deploy.0 = Release|x86
		{33A463CE-A536-4ECB-953C-DD154BB37948}.Debug|Any CPU.ActiveCfg = Debug|Any CPU
		{33A463CE-A536-4ECB-953C-DD154BB37948}.Debug|Any CPU.Build.0 = Debug|Any CPU
		{33A463CE-A536-4ECB-953C-DD154BB37948}.Debug|Any CPU.Deploy.0 = Debug|Any CPU
		{33A463CE-A536-4ECB-953C-DD154BB37948}.Debug|ARM.ActiveCfg = Debug|ARM
		{33A463CE-A536-4ECB-953C-DD154BB37948}.Debug|ARM.Build.0 = Debug|ARM
		{33A463CE-A536-4ECB-953C-DD154BB37948}.Debug|ARM.Deploy.0 = Debug|ARM
		{33A463CE-A536-4ECB-953C-DD154BB37948}.Debug|iPhone.ActiveCfg = Debug|Any CPU
		{33A463CE-A536-4ECB-953C-DD154BB37948}.Debug|iPhone.Build.0 = Debug|Any CPU
		{33A463CE-A536-4ECB-953C-DD154BB37948}.Debug|iPhone.Deploy.0 = Debug|Any CPU
		{33A463CE-A536-4ECB-953C-DD154BB37948}.Debug|iPhoneSimulator.ActiveCfg = Debug|Any CPU
		{33A463CE-A536-4ECB-953C-DD154BB37948}.Debug|iPhoneSimulator.Build.0 = Debug|Any CPU
		{33A463CE-A536-4ECB-953C-DD154BB37948}.Debug|iPhoneSimulator.Deploy.0 = Debug|Any CPU
		{33A463CE-A536-4ECB-953C-DD154BB37948}.Debug|x64.ActiveCfg = Debug|Any CPU
		{33A463CE-A536-4ECB-953C-DD154BB37948}.Debug|x64.Build.0 = Debug|Any CPU
		{33A463CE-A536-4ECB-953C-DD154BB37948}.Debug|x64.Deploy.0 = Debug|Any CPU
		{33A463CE-A536-4ECB-953C-DD154BB37948}.Debug|x86.ActiveCfg = Debug|x86
		{33A463CE-A536-4ECB-953C-DD154BB37948}.Debug|x86.Build.0 = Debug|x86
		{33A463CE-A536-4ECB-953C-DD154BB37948}.Debug|x86.Deploy.0 = Debug|x86
		{33A463CE-A536-4ECB-953C-DD154BB37948}.Release|Any CPU.ActiveCfg = Release|Any CPU
		{33A463CE-A536-4ECB-953C-DD154BB37948}.Release|Any CPU.Build.0 = Release|Any CPU
		{33A463CE-A536-4ECB-953C-DD154BB37948}.Release|Any CPU.Deploy.0 = Release|Any CPU
		{33A463CE-A536-4ECB-953C-DD154BB37948}.Release|ARM.ActiveCfg = Release|ARM
		{33A463CE-A536-4ECB-953C-DD154BB37948}.Release|ARM.Build.0 = Release|ARM
		{33A463CE-A536-4ECB-953C-DD154BB37948}.Release|ARM.Deploy.0 = Release|ARM
		{33A463CE-A536-4ECB-953C-DD154BB37948}.Release|iPhone.ActiveCfg = Release|Any CPU
		{33A463CE-A536-4ECB-953C-DD154BB37948}.Release|iPhone.Build.0 = Release|Any CPU
		{33A463CE-A536-4ECB-953C-DD154BB37948}.Release|iPhone.Deploy.0 = Release|Any CPU
		{33A463CE-A536-4ECB-953C-DD154BB37948}.Release|iPhoneSimulator.ActiveCfg = Release|Any CPU
		{33A463CE-A536-4ECB-953C-DD154BB37948}.Release|iPhoneSimulator.Build.0 = Release|Any CPU
		{33A463CE-A536-4ECB-953C-DD154BB37948}.Release|iPhoneSimulator.Deploy.0 = Release|Any CPU
		{33A463CE-A536-4ECB-953C-DD154BB37948}.Release|x64.ActiveCfg = Release|Any CPU
		{33A463CE-A536-4ECB-953C-DD154BB37948}.Release|x64.Build.0 = Release|Any CPU
		{33A463CE-A536-4ECB-953C-DD154BB37948}.Release|x64.Deploy.0 = Release|Any CPU
		{33A463CE-A536-4ECB-953C-DD154BB37948}.Release|x86.ActiveCfg = Release|x86
		{33A463CE-A536-4ECB-953C-DD154BB37948}.Release|x86.Build.0 = Release|x86
		{33A463CE-A536-4ECB-953C-DD154BB37948}.Release|x86.Deploy.0 = Release|x86
		{D824DC70-040A-4058-96AF-F806B27D6623}.Ad-Hoc|Any CPU.ActiveCfg = Release|x86
		{D824DC70-040A-4058-96AF-F806B27D6623}.Ad-Hoc|Any CPU.Build.0 = Release|x86
		{D824DC70-040A-4058-96AF-F806B27D6623}.Ad-Hoc|Any CPU.Deploy.0 = Release|x86
		{D824DC70-040A-4058-96AF-F806B27D6623}.Ad-Hoc|ARM.ActiveCfg = Release|ARM
		{D824DC70-040A-4058-96AF-F806B27D6623}.Ad-Hoc|ARM.Build.0 = Release|ARM
		{D824DC70-040A-4058-96AF-F806B27D6623}.Ad-Hoc|ARM.Deploy.0 = Release|ARM
		{D824DC70-040A-4058-96AF-F806B27D6623}.Ad-Hoc|iPhone.ActiveCfg = Release|x86
		{D824DC70-040A-4058-96AF-F806B27D6623}.Ad-Hoc|iPhone.Build.0 = Release|x86
		{D824DC70-040A-4058-96AF-F806B27D6623}.Ad-Hoc|iPhone.Deploy.0 = Release|x86
		{D824DC70-040A-4058-96AF-F806B27D6623}.Ad-Hoc|iPhoneSimulator.ActiveCfg = Release|x86
		{D824DC70-040A-4058-96AF-F806B27D6623}.Ad-Hoc|iPhoneSimulator.Build.0 = Release|x86
		{D824DC70-040A-4058-96AF-F806B27D6623}.Ad-Hoc|iPhoneSimulator.Deploy.0 = Release|x86
		{D824DC70-040A-4058-96AF-F806B27D6623}.Ad-Hoc|x64.ActiveCfg = Release|x64
		{D824DC70-040A-4058-96AF-F806B27D6623}.Ad-Hoc|x64.Build.0 = Release|x64
		{D824DC70-040A-4058-96AF-F806B27D6623}.Ad-Hoc|x64.Deploy.0 = Release|x64
		{D824DC70-040A-4058-96AF-F806B27D6623}.Ad-Hoc|x86.ActiveCfg = Release|x86
		{D824DC70-040A-4058-96AF-F806B27D6623}.Ad-Hoc|x86.Build.0 = Release|x86
		{D824DC70-040A-4058-96AF-F806B27D6623}.Ad-Hoc|x86.Deploy.0 = Release|x86
		{D824DC70-040A-4058-96AF-F806B27D6623}.AppStore|Any CPU.ActiveCfg = Release|x86
		{D824DC70-040A-4058-96AF-F806B27D6623}.AppStore|Any CPU.Build.0 = Release|x86
		{D824DC70-040A-4058-96AF-F806B27D6623}.AppStore|Any CPU.Deploy.0 = Release|x86
		{D824DC70-040A-4058-96AF-F806B27D6623}.AppStore|ARM.ActiveCfg = Release|ARM
		{D824DC70-040A-4058-96AF-F806B27D6623}.AppStore|ARM.Build.0 = Release|ARM
		{D824DC70-040A-4058-96AF-F806B27D6623}.AppStore|ARM.Deploy.0 = Release|ARM
		{D824DC70-040A-4058-96AF-F806B27D6623}.AppStore|iPhone.ActiveCfg = Release|x86
		{D824DC70-040A-4058-96AF-F806B27D6623}.AppStore|iPhone.Build.0 = Release|x86
		{D824DC70-040A-4058-96AF-F806B27D6623}.AppStore|iPhone.Deploy.0 = Release|x86
		{D824DC70-040A-4058-96AF-F806B27D6623}.AppStore|iPhoneSimulator.ActiveCfg = Release|x86
		{D824DC70-040A-4058-96AF-F806B27D6623}.AppStore|iPhoneSimulator.Build.0 = Release|x86
		{D824DC70-040A-4058-96AF-F806B27D6623}.AppStore|iPhoneSimulator.Deploy.0 = Release|x86
		{D824DC70-040A-4058-96AF-F806B27D6623}.AppStore|x64.ActiveCfg = Release|x64
		{D824DC70-040A-4058-96AF-F806B27D6623}.AppStore|x64.Build.0 = Release|x64
		{D824DC70-040A-4058-96AF-F806B27D6623}.AppStore|x64.Deploy.0 = Release|x64
		{D824DC70-040A-4058-96AF-F806B27D6623}.AppStore|x86.ActiveCfg = Release|x86
		{D824DC70-040A-4058-96AF-F806B27D6623}.AppStore|x86.Build.0 = Release|x86
		{D824DC70-040A-4058-96AF-F806B27D6623}.AppStore|x86.Deploy.0 = Release|x86
		{D824DC70-040A-4058-96AF-F806B27D6623}.Debug|Any CPU.ActiveCfg = Debug|x86
		{D824DC70-040A-4058-96AF-F806B27D6623}.Debug|ARM.ActiveCfg = Debug|ARM
		{D824DC70-040A-4058-96AF-F806B27D6623}.Debug|ARM.Build.0 = Debug|ARM
		{D824DC70-040A-4058-96AF-F806B27D6623}.Debug|ARM.Deploy.0 = Debug|ARM
		{D824DC70-040A-4058-96AF-F806B27D6623}.Debug|iPhone.ActiveCfg = Debug|x86
		{D824DC70-040A-4058-96AF-F806B27D6623}.Debug|iPhoneSimulator.ActiveCfg = Debug|x86
		{D824DC70-040A-4058-96AF-F806B27D6623}.Debug|x64.ActiveCfg = Debug|x64
		{D824DC70-040A-4058-96AF-F806B27D6623}.Debug|x64.Build.0 = Debug|x64
		{D824DC70-040A-4058-96AF-F806B27D6623}.Debug|x64.Deploy.0 = Debug|x64
		{D824DC70-040A-4058-96AF-F806B27D6623}.Debug|x86.ActiveCfg = Debug|x86
		{D824DC70-040A-4058-96AF-F806B27D6623}.Debug|x86.Build.0 = Debug|x86
		{D824DC70-040A-4058-96AF-F806B27D6623}.Debug|x86.Deploy.0 = Debug|x86
		{D824DC70-040A-4058-96AF-F806B27D6623}.Release|Any CPU.ActiveCfg = Release|x86
		{D824DC70-040A-4058-96AF-F806B27D6623}.Release|ARM.ActiveCfg = Release|ARM
		{D824DC70-040A-4058-96AF-F806B27D6623}.Release|ARM.Build.0 = Release|ARM
		{D824DC70-040A-4058-96AF-F806B27D6623}.Release|ARM.Deploy.0 = Release|ARM
		{D824DC70-040A-4058-96AF-F806B27D6623}.Release|iPhone.ActiveCfg = Release|x86
		{D824DC70-040A-4058-96AF-F806B27D6623}.Release|iPhoneSimulator.ActiveCfg = Release|x86
		{D824DC70-040A-4058-96AF-F806B27D6623}.Release|x64.ActiveCfg = Release|x64
		{D824DC70-040A-4058-96AF-F806B27D6623}.Release|x64.Build.0 = Release|x64
		{D824DC70-040A-4058-96AF-F806B27D6623}.Release|x64.Deploy.0 = Release|x64
		{D824DC70-040A-4058-96AF-F806B27D6623}.Release|x86.ActiveCfg = Release|x86
		{D824DC70-040A-4058-96AF-F806B27D6623}.Release|x86.Build.0 = Release|x86
		{D824DC70-040A-4058-96AF-F806B27D6623}.Release|x86.Deploy.0 = Release|x86
		{1A9A77DB-3836-4B8C-9BD9-9A7F1FCE5C21}.Ad-Hoc|Any CPU.ActiveCfg = Release|Any CPU
		{1A9A77DB-3836-4B8C-9BD9-9A7F1FCE5C21}.Ad-Hoc|Any CPU.Build.0 = Release|Any CPU
		{1A9A77DB-3836-4B8C-9BD9-9A7F1FCE5C21}.Ad-Hoc|Any CPU.Deploy.0 = Release|Any CPU
		{1A9A77DB-3836-4B8C-9BD9-9A7F1FCE5C21}.Ad-Hoc|ARM.ActiveCfg = Release|ARM
		{1A9A77DB-3836-4B8C-9BD9-9A7F1FCE5C21}.Ad-Hoc|ARM.Build.0 = Release|ARM
		{1A9A77DB-3836-4B8C-9BD9-9A7F1FCE5C21}.Ad-Hoc|ARM.Deploy.0 = Release|ARM
		{1A9A77DB-3836-4B8C-9BD9-9A7F1FCE5C21}.Ad-Hoc|iPhone.ActiveCfg = Release|Any CPU
		{1A9A77DB-3836-4B8C-9BD9-9A7F1FCE5C21}.Ad-Hoc|iPhone.Build.0 = Release|Any CPU
		{1A9A77DB-3836-4B8C-9BD9-9A7F1FCE5C21}.Ad-Hoc|iPhone.Deploy.0 = Release|Any CPU
		{1A9A77DB-3836-4B8C-9BD9-9A7F1FCE5C21}.Ad-Hoc|iPhoneSimulator.ActiveCfg = Release|Any CPU
		{1A9A77DB-3836-4B8C-9BD9-9A7F1FCE5C21}.Ad-Hoc|iPhoneSimulator.Build.0 = Release|Any CPU
		{1A9A77DB-3836-4B8C-9BD9-9A7F1FCE5C21}.Ad-Hoc|iPhoneSimulator.Deploy.0 = Release|Any CPU
		{1A9A77DB-3836-4B8C-9BD9-9A7F1FCE5C21}.Ad-Hoc|x64.ActiveCfg = Release|x64
		{1A9A77DB-3836-4B8C-9BD9-9A7F1FCE5C21}.Ad-Hoc|x64.Build.0 = Release|x64
		{1A9A77DB-3836-4B8C-9BD9-9A7F1FCE5C21}.Ad-Hoc|x64.Deploy.0 = Release|x64
		{1A9A77DB-3836-4B8C-9BD9-9A7F1FCE5C21}.Ad-Hoc|x86.ActiveCfg = Release|x86
		{1A9A77DB-3836-4B8C-9BD9-9A7F1FCE5C21}.Ad-Hoc|x86.Build.0 = Release|x86
		{1A9A77DB-3836-4B8C-9BD9-9A7F1FCE5C21}.Ad-Hoc|x86.Deploy.0 = Release|x86
		{1A9A77DB-3836-4B8C-9BD9-9A7F1FCE5C21}.AppStore|Any CPU.ActiveCfg = Release|Any CPU
		{1A9A77DB-3836-4B8C-9BD9-9A7F1FCE5C21}.AppStore|Any CPU.Build.0 = Release|Any CPU
		{1A9A77DB-3836-4B8C-9BD9-9A7F1FCE5C21}.AppStore|Any CPU.Deploy.0 = Release|Any CPU
		{1A9A77DB-3836-4B8C-9BD9-9A7F1FCE5C21}.AppStore|ARM.ActiveCfg = Release|ARM
		{1A9A77DB-3836-4B8C-9BD9-9A7F1FCE5C21}.AppStore|ARM.Build.0 = Release|ARM
		{1A9A77DB-3836-4B8C-9BD9-9A7F1FCE5C21}.AppStore|ARM.Deploy.0 = Release|ARM
		{1A9A77DB-3836-4B8C-9BD9-9A7F1FCE5C21}.AppStore|iPhone.ActiveCfg = Release|Any CPU
		{1A9A77DB-3836-4B8C-9BD9-9A7F1FCE5C21}.AppStore|iPhone.Build.0 = Release|Any CPU
		{1A9A77DB-3836-4B8C-9BD9-9A7F1FCE5C21}.AppStore|iPhone.Deploy.0 = Release|Any CPU
		{1A9A77DB-3836-4B8C-9BD9-9A7F1FCE5C21}.AppStore|iPhoneSimulator.ActiveCfg = Release|Any CPU
		{1A9A77DB-3836-4B8C-9BD9-9A7F1FCE5C21}.AppStore|iPhoneSimulator.Build.0 = Release|Any CPU
		{1A9A77DB-3836-4B8C-9BD9-9A7F1FCE5C21}.AppStore|iPhoneSimulator.Deploy.0 = Release|Any CPU
		{1A9A77DB-3836-4B8C-9BD9-9A7F1FCE5C21}.AppStore|x64.ActiveCfg = Release|x64
		{1A9A77DB-3836-4B8C-9BD9-9A7F1FCE5C21}.AppStore|x64.Build.0 = Release|x64
		{1A9A77DB-3836-4B8C-9BD9-9A7F1FCE5C21}.AppStore|x64.Deploy.0 = Release|x64
		{1A9A77DB-3836-4B8C-9BD9-9A7F1FCE5C21}.AppStore|x86.ActiveCfg = Release|x86
		{1A9A77DB-3836-4B8C-9BD9-9A7F1FCE5C21}.AppStore|x86.Build.0 = Release|x86
		{1A9A77DB-3836-4B8C-9BD9-9A7F1FCE5C21}.AppStore|x86.Deploy.0 = Release|x86
		{1A9A77DB-3836-4B8C-9BD9-9A7F1FCE5C21}.Debug|Any CPU.ActiveCfg = Debug|Any CPU
		{1A9A77DB-3836-4B8C-9BD9-9A7F1FCE5C21}.Debug|Any CPU.Build.0 = Debug|Any CPU
		{1A9A77DB-3836-4B8C-9BD9-9A7F1FCE5C21}.Debug|Any CPU.Deploy.0 = Debug|Any CPU
		{1A9A77DB-3836-4B8C-9BD9-9A7F1FCE5C21}.Debug|ARM.ActiveCfg = Debug|ARM
		{1A9A77DB-3836-4B8C-9BD9-9A7F1FCE5C21}.Debug|ARM.Build.0 = Debug|ARM
		{1A9A77DB-3836-4B8C-9BD9-9A7F1FCE5C21}.Debug|ARM.Deploy.0 = Debug|ARM
		{1A9A77DB-3836-4B8C-9BD9-9A7F1FCE5C21}.Debug|iPhone.ActiveCfg = Debug|Any CPU
		{1A9A77DB-3836-4B8C-9BD9-9A7F1FCE5C21}.Debug|iPhone.Build.0 = Debug|Any CPU
		{1A9A77DB-3836-4B8C-9BD9-9A7F1FCE5C21}.Debug|iPhone.Deploy.0 = Debug|Any CPU
		{1A9A77DB-3836-4B8C-9BD9-9A7F1FCE5C21}.Debug|iPhoneSimulator.ActiveCfg = Debug|Any CPU
		{1A9A77DB-3836-4B8C-9BD9-9A7F1FCE5C21}.Debug|iPhoneSimulator.Build.0 = Debug|Any CPU
		{1A9A77DB-3836-4B8C-9BD9-9A7F1FCE5C21}.Debug|iPhoneSimulator.Deploy.0 = Debug|Any CPU
		{1A9A77DB-3836-4B8C-9BD9-9A7F1FCE5C21}.Debug|x64.ActiveCfg = Debug|x64
		{1A9A77DB-3836-4B8C-9BD9-9A7F1FCE5C21}.Debug|x64.Build.0 = Debug|x64
		{1A9A77DB-3836-4B8C-9BD9-9A7F1FCE5C21}.Debug|x64.Deploy.0 = Debug|x64
		{1A9A77DB-3836-4B8C-9BD9-9A7F1FCE5C21}.Debug|x86.ActiveCfg = Debug|x86
		{1A9A77DB-3836-4B8C-9BD9-9A7F1FCE5C21}.Debug|x86.Build.0 = Debug|x86
		{1A9A77DB-3836-4B8C-9BD9-9A7F1FCE5C21}.Debug|x86.Deploy.0 = Debug|x86
		{1A9A77DB-3836-4B8C-9BD9-9A7F1FCE5C21}.Release|Any CPU.ActiveCfg = Release|Any CPU
		{1A9A77DB-3836-4B8C-9BD9-9A7F1FCE5C21}.Release|Any CPU.Build.0 = Release|Any CPU
		{1A9A77DB-3836-4B8C-9BD9-9A7F1FCE5C21}.Release|Any CPU.Deploy.0 = Release|Any CPU
		{1A9A77DB-3836-4B8C-9BD9-9A7F1FCE5C21}.Release|ARM.ActiveCfg = Release|ARM
		{1A9A77DB-3836-4B8C-9BD9-9A7F1FCE5C21}.Release|ARM.Build.0 = Release|ARM
		{1A9A77DB-3836-4B8C-9BD9-9A7F1FCE5C21}.Release|ARM.Deploy.0 = Release|ARM
		{1A9A77DB-3836-4B8C-9BD9-9A7F1FCE5C21}.Release|iPhone.ActiveCfg = Release|Any CPU
		{1A9A77DB-3836-4B8C-9BD9-9A7F1FCE5C21}.Release|iPhone.Build.0 = Release|Any CPU
		{1A9A77DB-3836-4B8C-9BD9-9A7F1FCE5C21}.Release|iPhone.Deploy.0 = Release|Any CPU
		{1A9A77DB-3836-4B8C-9BD9-9A7F1FCE5C21}.Release|iPhoneSimulator.ActiveCfg = Release|Any CPU
		{1A9A77DB-3836-4B8C-9BD9-9A7F1FCE5C21}.Release|iPhoneSimulator.Build.0 = Release|Any CPU
		{1A9A77DB-3836-4B8C-9BD9-9A7F1FCE5C21}.Release|iPhoneSimulator.Deploy.0 = Release|Any CPU
		{1A9A77DB-3836-4B8C-9BD9-9A7F1FCE5C21}.Release|x64.ActiveCfg = Release|x64
		{1A9A77DB-3836-4B8C-9BD9-9A7F1FCE5C21}.Release|x64.Build.0 = Release|x64
		{1A9A77DB-3836-4B8C-9BD9-9A7F1FCE5C21}.Release|x64.Deploy.0 = Release|x64
		{1A9A77DB-3836-4B8C-9BD9-9A7F1FCE5C21}.Release|x86.ActiveCfg = Release|x86
		{1A9A77DB-3836-4B8C-9BD9-9A7F1FCE5C21}.Release|x86.Build.0 = Release|x86
		{1A9A77DB-3836-4B8C-9BD9-9A7F1FCE5C21}.Release|x86.Deploy.0 = Release|x86
		{AED0507B-8A3F-44B6-AF10-5994B298E297}.Ad-Hoc|Any CPU.ActiveCfg = Release|Any CPU
		{AED0507B-8A3F-44B6-AF10-5994B298E297}.Ad-Hoc|Any CPU.Build.0 = Release|Any CPU
		{AED0507B-8A3F-44B6-AF10-5994B298E297}.Ad-Hoc|ARM.ActiveCfg = Release|Any CPU
		{AED0507B-8A3F-44B6-AF10-5994B298E297}.Ad-Hoc|ARM.Build.0 = Release|Any CPU
		{AED0507B-8A3F-44B6-AF10-5994B298E297}.Ad-Hoc|iPhone.ActiveCfg = Release|Any CPU
		{AED0507B-8A3F-44B6-AF10-5994B298E297}.Ad-Hoc|iPhone.Build.0 = Release|Any CPU
		{AED0507B-8A3F-44B6-AF10-5994B298E297}.Ad-Hoc|iPhoneSimulator.ActiveCfg = Release|Any CPU
		{AED0507B-8A3F-44B6-AF10-5994B298E297}.Ad-Hoc|iPhoneSimulator.Build.0 = Release|Any CPU
		{AED0507B-8A3F-44B6-AF10-5994B298E297}.Ad-Hoc|x64.ActiveCfg = Release|Any CPU
		{AED0507B-8A3F-44B6-AF10-5994B298E297}.Ad-Hoc|x64.Build.0 = Release|Any CPU
		{AED0507B-8A3F-44B6-AF10-5994B298E297}.Ad-Hoc|x86.ActiveCfg = Release|Any CPU
		{AED0507B-8A3F-44B6-AF10-5994B298E297}.Ad-Hoc|x86.Build.0 = Release|Any CPU
		{AED0507B-8A3F-44B6-AF10-5994B298E297}.AppStore|Any CPU.ActiveCfg = Release|Any CPU
		{AED0507B-8A3F-44B6-AF10-5994B298E297}.AppStore|Any CPU.Build.0 = Release|Any CPU
		{AED0507B-8A3F-44B6-AF10-5994B298E297}.AppStore|ARM.ActiveCfg = Release|Any CPU
		{AED0507B-8A3F-44B6-AF10-5994B298E297}.AppStore|ARM.Build.0 = Release|Any CPU
		{AED0507B-8A3F-44B6-AF10-5994B298E297}.AppStore|iPhone.ActiveCfg = Release|Any CPU
		{AED0507B-8A3F-44B6-AF10-5994B298E297}.AppStore|iPhone.Build.0 = Release|Any CPU
		{AED0507B-8A3F-44B6-AF10-5994B298E297}.AppStore|iPhoneSimulator.ActiveCfg = Release|Any CPU
		{AED0507B-8A3F-44B6-AF10-5994B298E297}.AppStore|iPhoneSimulator.Build.0 = Release|Any CPU
		{AED0507B-8A3F-44B6-AF10-5994B298E297}.AppStore|x64.ActiveCfg = Release|Any CPU
		{AED0507B-8A3F-44B6-AF10-5994B298E297}.AppStore|x64.Build.0 = Release|Any CPU
		{AED0507B-8A3F-44B6-AF10-5994B298E297}.AppStore|x86.ActiveCfg = Release|Any CPU
		{AED0507B-8A3F-44B6-AF10-5994B298E297}.AppStore|x86.Build.0 = Release|Any CPU
		{AED0507B-8A3F-44B6-AF10-5994B298E297}.Debug|Any CPU.ActiveCfg = Debug|Any CPU
		{AED0507B-8A3F-44B6-AF10-5994B298E297}.Debug|Any CPU.Build.0 = Debug|Any CPU
		{AED0507B-8A3F-44B6-AF10-5994B298E297}.Debug|ARM.ActiveCfg = Debug|Any CPU
		{AED0507B-8A3F-44B6-AF10-5994B298E297}.Debug|ARM.Build.0 = Debug|Any CPU
		{AED0507B-8A3F-44B6-AF10-5994B298E297}.Debug|iPhone.ActiveCfg = Debug|Any CPU
		{AED0507B-8A3F-44B6-AF10-5994B298E297}.Debug|iPhone.Build.0 = Debug|Any CPU
		{AED0507B-8A3F-44B6-AF10-5994B298E297}.Debug|iPhoneSimulator.ActiveCfg = Debug|Any CPU
		{AED0507B-8A3F-44B6-AF10-5994B298E297}.Debug|iPhoneSimulator.Build.0 = Debug|Any CPU
		{AED0507B-8A3F-44B6-AF10-5994B298E297}.Debug|x64.ActiveCfg = Debug|Any CPU
		{AED0507B-8A3F-44B6-AF10-5994B298E297}.Debug|x64.Build.0 = Debug|Any CPU
		{AED0507B-8A3F-44B6-AF10-5994B298E297}.Debug|x86.ActiveCfg = Debug|Any CPU
		{AED0507B-8A3F-44B6-AF10-5994B298E297}.Debug|x86.Build.0 = Debug|Any CPU
		{AED0507B-8A3F-44B6-AF10-5994B298E297}.Release|Any CPU.ActiveCfg = Release|Any CPU
		{AED0507B-8A3F-44B6-AF10-5994B298E297}.Release|Any CPU.Build.0 = Release|Any CPU
		{AED0507B-8A3F-44B6-AF10-5994B298E297}.Release|ARM.ActiveCfg = Release|Any CPU
		{AED0507B-8A3F-44B6-AF10-5994B298E297}.Release|ARM.Build.0 = Release|Any CPU
		{AED0507B-8A3F-44B6-AF10-5994B298E297}.Release|iPhone.ActiveCfg = Release|Any CPU
		{AED0507B-8A3F-44B6-AF10-5994B298E297}.Release|iPhone.Build.0 = Release|Any CPU
		{AED0507B-8A3F-44B6-AF10-5994B298E297}.Release|iPhoneSimulator.ActiveCfg = Release|Any CPU
		{AED0507B-8A3F-44B6-AF10-5994B298E297}.Release|iPhoneSimulator.Build.0 = Release|Any CPU
		{AED0507B-8A3F-44B6-AF10-5994B298E297}.Release|x64.ActiveCfg = Release|Any CPU
		{AED0507B-8A3F-44B6-AF10-5994B298E297}.Release|x64.Build.0 = Release|Any CPU
		{AED0507B-8A3F-44B6-AF10-5994B298E297}.Release|x86.ActiveCfg = Release|Any CPU
		{AED0507B-8A3F-44B6-AF10-5994B298E297}.Release|x86.Build.0 = Release|Any CPU
	EndGlobalSection
	GlobalSection(SolutionProperties) = preSolution
		HideSolutionNode = FALSE
	EndGlobalSection
EndGlobal
